{
  "object": {
    "pins": [
      {
        "package": "Auth0",
        "repositoryURL": "https://github.com/auth0/Auth0.swift.git",
        "state": {
          "branch": null,
          "revision": "d72e44b64a4f3fa26c7d0b1cc968dd96db946401",
          "version": "1.32.0"
        }
      },
      {
        "package": "CwlCatchException",
        "repositoryURL": "https://github.com/mattgallagher/CwlCatchException.git",
        "state": {
          "branch": null,
          "revision": "f809deb30dc5c9d9b78c872e553261a61177721a",
          "version": "2.0.0"
        }
      },
      {
        "package": "CwlPreconditionTesting",
        "repositoryURL": "https://github.com/mattgallagher/CwlPreconditionTesting.git",
        "state": {
          "branch": null,
          "revision": "02b7a39a99c4da27abe03cab2053a9034379639f",
          "version": "2.0.0"
        }
      },
      {
        "package": "JWTDecode",
        "repositoryURL": "https://github.com/auth0/JWTDecode.swift.git",
        "state": {
          "branch": null,
          "revision": "3985f68dec94c7d7148d9821abb65cf0c508e9f2",
          "version": "2.6.0"
        }
      },
      {
        "package": "Nimble",
        "repositoryURL": "https://github.com/Quick/Nimble.git",
        "state": {
          "branch": null,
          "revision": "e491a6731307bb23783bf664d003be9b2fa59ab5",
          "version": "9.0.0"
        }
      },
      {
        "package": "OHHTTPStubs",
        "repositoryURL": "https://github.com/AliSoftware/OHHTTPStubs.git",
        "state": {
          "branch": null,
          "revision": "12f19662426d0434d6c330c6974d53e2eb10ecd9",
          "version": "9.1.0"
        }
      },
      {
        "package": "Quick",
        "repositoryURL": "https://github.com/Quick/Quick.git",
        "state": {
          "branch": null,
          "revision": "8cce6acd38f965f5baa3167b939f86500314022b",
          "version": "3.1.2"
        }
      },
      {
        "package": "SimpleKeychain",
        "repositoryURL": "https://github.com/auth0/SimpleKeychain.git",
        "state": {
          "branch": null,
          "revision": "e926cea8e656da3a3c38f0db7b5db8370cbd0625",
          "version": "0.12.2"
        }
      }
    ]
  },
  "version": 1
}
