// !$*UTF8*$!
{
	archiveVersion = 1;
	classes = {
	};
	objectVersion = 46;
	objects = {

/* Begin PBXBuildFile section */
		6E05D0041E881F0B00C293B8 /* WebService.swift in Sources */ = {isa = PBXBuildFile; fileRef = 6E05D0031E881F0B00C293B8 /* WebService.swift */; };
		6E0645581E990D1500A8AA59 /* TextViewCell.swift in Sources */ = {isa = PBXBuildFile; fileRef = 6E0645571E990D1500A8AA59 /* TextViewCell.swift */; };
		6E06455A1E993EB600A8AA59 /* SwitchView.swift in Sources */ = {isa = PBXBuildFile; fileRef = 6E0645591E993EB600A8AA59 /* SwitchView.swift */; };
		6E07B8931EBDB4D900ADA5A8 /* Auth0.framework in Frameworks */ = {isa = PBXBuildFile; fileRef = 6E07B8921EBDB4D900ADA5A8 /* Auth0.framework */; };
		6E07B8951EBDB9A700ADA5A8 /* Auth0.plist in Resources */ = {isa = PBXBuildFile; fileRef = 6E07B8941EBDB9A700ADA5A8 /* Auth0.plist */; };
		6E07B8971EBDBC9800ADA5A8 /* AuthenticationService.swift in Sources */ = {isa = PBXBuildFile; fileRef = 6E07B8961EBDBC9800ADA5A8 /* AuthenticationService.swift */; };
		6E07ED2C1EC3636A00154DF4 /* SynchronizationReducer.swift in Sources */ = {isa = PBXBuildFile; fileRef = 6E07ED2B1EC3636A00154DF4 /* SynchronizationReducer.swift */; };
		6E15D01C1DF0A45A00B4CCA7 /* AppDelegate.swift in Sources */ = {isa = PBXBuildFile; fileRef = 6E15D01B1DF0A45A00B4CCA7 /* AppDelegate.swift */; };
		6E15D0231DF0A45A00B4CCA7 /* Assets.xcassets in Resources */ = {isa = PBXBuildFile; fileRef = 6E15D0221DF0A45A00B4CCA7 /* Assets.xcassets */; };
		6E15D0261DF0A45A00B4CCA7 /* LaunchScreen.storyboard in Resources */ = {isa = PBXBuildFile; fileRef = 6E15D0241DF0A45A00B4CCA7 /* LaunchScreen.storyboard */; };
		6E15D0311DF0A45A00B4CCA7 /* SimpleToDoTests.swift in Sources */ = {isa = PBXBuildFile; fileRef = 6E15D0301DF0A45A00B4CCA7 /* SimpleToDoTests.swift */; };
		6E15D03C1DF0A45A00B4CCA7 /* SimpleToDoUITests.swift in Sources */ = {isa = PBXBuildFile; fileRef = 6E15D03B1DF0A45A00B4CCA7 /* SimpleToDoUITests.swift */; };
		6E15D0651DF0B62D00B4CCA7 /* SnapKit.framework in Frameworks */ = {isa = PBXBuildFile; fileRef = 6E15D0641DF0B62D00B4CCA7 /* SnapKit.framework */; };
		6E16914C1E61F63A004EE586 /* Actions.swift in Sources */ = {isa = PBXBuildFile; fileRef = 6E16914B1E61F63A004EE586 /* Actions.swift */; };
		6E2BAE911ECE28170030C2C0 /* SystemReducer.swift in Sources */ = {isa = PBXBuildFile; fileRef = 6E2BAE901ECE28170030C2C0 /* SystemReducer.swift */; };
		6E3B8A761EB4CD9500EC932F /* SettingsController.swift in Sources */ = {isa = PBXBuildFile; fileRef = 6E3B8A751EB4CD9500EC932F /* SettingsController.swift */; };
		6E3B8A781EB4CDC500EC932F /* SettingsViewModel.swift in Sources */ = {isa = PBXBuildFile; fileRef = 6E3B8A771EB4CDC500EC932F /* SettingsViewModel.swift */; };
		6E3B8A7A1EB4CE1600EC932F /* SettingsCoordinator.swift in Sources */ = {isa = PBXBuildFile; fileRef = 6E3B8A791EB4CE1600EC932F /* SettingsCoordinator.swift */; };
		6E3B8A7C1EB4D42600EC932F /* SettingsReducer.swift in Sources */ = {isa = PBXBuildFile; fileRef = 6E3B8A7B1EB4D42600EC932F /* SettingsReducer.swift */; };
		6E40B9C81EC60CE100411F69 /* NotificationService.swift in Sources */ = {isa = PBXBuildFile; fileRef = 6E40B9C71EC60CE100411F69 /* NotificationService.swift */; };
		6E40B9CC1EC60CE200411F69 /* NotificationServiceExtension.appex in Embed App Extensions */ = {isa = PBXBuildFile; fileRef = 6E40B9C51EC60CE100411F69 /* NotificationServiceExtension.appex */; settings = {ATTRIBUTES = (RemoveHeadersOnCopy, ); }; };
		6E40B9D11EC60DA200411F69 /* OneSignal.framework in Frameworks */ = {isa = PBXBuildFile; fileRef = 6E8AD5B81EACD51900B0AF2D /* OneSignal.framework */; };
		6E494D8A1EBDD13100280F5F /* JWTDecode.framework in Frameworks */ = {isa = PBXBuildFile; fileRef = 6E494D891EBDD13100280F5F /* JWTDecode.framework */; };
		6E5752161E05AD06002AA9B4 /* Entities.swift in Sources */ = {isa = PBXBuildFile; fileRef = 6E5752151E05AD06002AA9B4 /* Entities.swift */; };
		6E57521A1E05AFC4002AA9B4 /* RxDataSources.framework in Frameworks */ = {isa = PBXBuildFile; fileRef = 6E5752181E05AFC4002AA9B4 /* RxDataSources.framework */; };
		6E57521B1E05AFC4002AA9B4 /* Unbox.framework in Frameworks */ = {isa = PBXBuildFile; fileRef = 6E5752191E05AFC4002AA9B4 /* Unbox.framework */; };
		6E57521D1E05B24A002AA9B4 /* Extensions.swift in Sources */ = {isa = PBXBuildFile; fileRef = 6E57521C1E05B24A002AA9B4 /* Extensions.swift */; };
		6E5BA8AB1EEEF40F00B61645 /* Crashlytics.framework in Frameworks */ = {isa = PBXBuildFile; fileRef = 6E5BA8A91EEEF40F00B61645 /* Crashlytics.framework */; };
		6E5BA8AC1EEEF40F00B61645 /* Fabric.framework in Frameworks */ = {isa = PBXBuildFile; fileRef = 6E5BA8AA1EEEF40F00B61645 /* Fabric.framework */; };
		6E5C9B351E67CDBC00532B4B /* TasksCoordinator.swift in Sources */ = {isa = PBXBuildFile; fileRef = 6E5C9B341E67CDBC00532B4B /* TasksCoordinator.swift */; };
		6E5FD9B61E59FA0C002C71F2 /* TasksViewModel.swift in Sources */ = {isa = PBXBuildFile; fileRef = 6E5FD9B51E59FA0C002C71F2 /* TasksViewModel.swift */; };
		6E6422DA1E180E1B00FAFFFB /* TableSections.swift in Sources */ = {isa = PBXBuildFile; fileRef = 6E6422D91E180E1B00FAFFFB /* TableSections.swift */; };
		6E7AAA501EB4DB8800F2ACC3 /* GenericNavigationController.swift in Sources */ = {isa = PBXBuildFile; fileRef = 6E7AAA4F1EB4DB8800F2ACC3 /* GenericNavigationController.swift */; };
		6E86F4FC1EE3028500102AC3 /* TasksTableBackground.swift in Sources */ = {isa = PBXBuildFile; fileRef = 6E86F4FB1EE3028500102AC3 /* TasksTableBackground.swift */; };
		6E8845CC1E24056000EA3C2A /* TaskActionView.swift in Sources */ = {isa = PBXBuildFile; fileRef = 6E8845CB1E24056000EA3C2A /* TaskActionView.swift */; };
		6E8A9E8D1EE7AD5800F2FA1F /* FrameworksController.swift in Sources */ = {isa = PBXBuildFile; fileRef = 6E8A9E8C1EE7AD5800F2FA1F /* FrameworksController.swift */; };
		6E8A9E8F1EE7B02500F2FA1F /* FrameworksViewModel.swift in Sources */ = {isa = PBXBuildFile; fileRef = 6E8A9E8E1EE7B02500F2FA1F /* FrameworksViewModel.swift */; };
		6E8AD5B91EACD51900B0AF2D /* OneSignal.framework in Frameworks */ = {isa = PBXBuildFile; fileRef = 6E8AD5B81EACD51900B0AF2D /* OneSignal.framework */; };
		6E8AD5BB1EACEF9000B0AF2D /* PushNotificationsReducer.swift in Sources */ = {isa = PBXBuildFile; fileRef = 6E8AD5BA1EACEF9000B0AF2D /* PushNotificationsReducer.swift */; };
		6E8B0F431E60280900E2C265 /* RxDataFlow.framework in Frameworks */ = {isa = PBXBuildFile; fileRef = 6E8B0F421E60280900E2C265 /* RxDataFlow.framework */; };
		6E96B07B1EBAE69B0096ACFE /* ActivityView.swift in Sources */ = {isa = PBXBuildFile; fileRef = 6E96B07A1EBAE69B0096ACFE /* ActivityView.swift */; };
		6E96B07F1EBC361A0096ACFE /* SnackView.swift in Sources */ = {isa = PBXBuildFile; fileRef = 6E96B07E1EBC361A0096ACFE /* SnackView.swift */; };
		6E97DD1F1EF674F600542768 /* MessageUI.framework in Frameworks */ = {isa = PBXBuildFile; fileRef = 6E97DD1E1EF674F600542768 /* MessageUI.framework */; };
		6EA022C81E755A3600934BB7 /* RootReducer.swift in Sources */ = {isa = PBXBuildFile; fileRef = 6EA022C71E755A3600934BB7 /* RootReducer.swift */; };
		6EA022CA1E755A5700934BB7 /* AuthenticationReducer.swift in Sources */ = {isa = PBXBuildFile; fileRef = 6EA022C91E755A5700934BB7 /* AuthenticationReducer.swift */; };
		6EA0B47E1EC1C9F4005BA709 /* Realm.framework in Frameworks */ = {isa = PBXBuildFile; fileRef = 6EA0B47C1EC1C9F4005BA709 /* Realm.framework */; };
		6EA0B47F1EC1C9F4005BA709 /* RealmSwift.framework in Frameworks */ = {isa = PBXBuildFile; fileRef = 6EA0B47D1EC1C9F4005BA709 /* RealmSwift.framework */; };
		6EA0B4811EC1D25E005BA709 /* Repository.swift in Sources */ = {isa = PBXBuildFile; fileRef = 6EA0B4801EC1D25E005BA709 /* Repository.swift */; };
		6EA0B4831EC20801005BA709 /* SynchronizationService.swift in Sources */ = {isa = PBXBuildFile; fileRef = 6EA0B4821EC20801005BA709 /* SynchronizationService.swift */; };
		6EA7B4211E06A3940043BAA1 /* State.swift in Sources */ = {isa = PBXBuildFile; fileRef = 6EA7B4201E06A3940043BAA1 /* State.swift */; };
		6EA9C6301E2A9EFF0016C1C4 /* Theme.swift in Sources */ = {isa = PBXBuildFile; fileRef = 6EA9C62F1E2A9EFF0016C1C4 /* Theme.swift */; };
		6EA9C6321E2AA9B80016C1C4 /* RxGesture.framework in Frameworks */ = {isa = PBXBuildFile; fileRef = 6EA9C6311E2AA9B80016C1C4 /* RxGesture.framework */; };
		6EAACA291EB7591D004EB190 /* DefaultCell.swift in Sources */ = {isa = PBXBuildFile; fileRef = 6EAACA281EB7591D004EB190 /* DefaultCell.swift */; };
		6EAACA2D1EB75F99004EB190 /* SwitchCell.swift in Sources */ = {isa = PBXBuildFile; fileRef = 6EAACA2C1EB75F99004EB190 /* SwitchCell.swift */; };
		6EAF1B391EB5244C00C72BF5 /* InitialCoordinator.swift in Sources */ = {isa = PBXBuildFile; fileRef = 6EAF1B381EB5244C00C72BF5 /* InitialCoordinator.swift */; };
		6EAF1B3C1EB5297C00C72BF5 /* SlidePresentAnimationController.swift in Sources */ = {isa = PBXBuildFile; fileRef = 6EAF1B3B1EB5297C00C72BF5 /* SlidePresentAnimationController.swift */; };
		6EB04F241EEE85F30023619A /* SimpleKeychain.framework in Frameworks */ = {isa = PBXBuildFile; fileRef = 6EB04F231EEE85F30023619A /* SimpleKeychain.framework */; };
		6EB36A7A1E1ED9CA006B5239 /* TaskCell.swift in Sources */ = {isa = PBXBuildFile; fileRef = 6EB36A791E1ED9CA006B5239 /* TaskCell.swift */; };
		6EBD408D1E60ABF700661CA6 /* AuthenticationCoordinators.swift in Sources */ = {isa = PBXBuildFile; fileRef = 6EBD408C1E60ABF700661CA6 /* AuthenticationCoordinators.swift */; };
		6EC7AC371E9A37EF005CDF5F /* DatePickerView.swift in Sources */ = {isa = PBXBuildFile; fileRef = 6EC7AC361E9A37EF005CDF5F /* DatePickerView.swift */; };
		6EC7AC391E9A3C6B005CDF5F /* TargetDateView.swift in Sources */ = {isa = PBXBuildFile; fileRef = 6EC7AC381E9A3C6B005CDF5F /* TargetDateView.swift */; };
		6ED0A20A1E79835E00B59B52 /* EditTaskViewModel.swift in Sources */ = {isa = PBXBuildFile; fileRef = 6ED0A2091E79835E00B59B52 /* EditTaskViewModel.swift */; };
		6ED3F4411E7D9F6A0003C1CC /* Keychain.swift in Sources */ = {isa = PBXBuildFile; fileRef = 6ED3F4401E7D9F6A0003C1CC /* Keychain.swift */; };
		6ED3F4471E7DA3D50003C1CC /* EditTaskController.swift in Sources */ = {isa = PBXBuildFile; fileRef = 6ED3F4441E7DA3D50003C1CC /* EditTaskController.swift */; };
		6ED3F4481E7DA3D50003C1CC /* TasksController.swift in Sources */ = {isa = PBXBuildFile; fileRef = 6ED3F4451E7DA3D50003C1CC /* TasksController.swift */; };
		6EE247DF1DF21291001A6F39 /* Material.framework in Frameworks */ = {isa = PBXBuildFile; fileRef = 6EE247D71DF21291001A6F39 /* Material.framework */; };
		6EE247E21DF21291001A6F39 /* RxCocoa.framework in Frameworks */ = {isa = PBXBuildFile; fileRef = 6EE247DA1DF21291001A6F39 /* RxCocoa.framework */; };
		6EE247E31DF21291001A6F39 /* RxHttpClient.framework in Frameworks */ = {isa = PBXBuildFile; fileRef = 6EE247DB1DF21291001A6F39 /* RxHttpClient.framework */; };
		6EE247E51DF21291001A6F39 /* RxSwift.framework in Frameworks */ = {isa = PBXBuildFile; fileRef = 6EE247DD1DF21291001A6F39 /* RxSwift.framework */; };
		6EE91CAC1E1959430025A4BD /* Wrap.framework in Frameworks */ = {isa = PBXBuildFile; fileRef = 6EE91CAB1E1959430025A4BD /* Wrap.framework */; };
		6EEF39991E61A0BA00D1C988 /* AuthenticationController.swift in Sources */ = {isa = PBXBuildFile; fileRef = 6EEF39981E61A0BA00D1C988 /* AuthenticationController.swift */; };
		6EEF399E1E61B5C700D1C988 /* AuthenticationViewModel.swift in Sources */ = {isa = PBXBuildFile; fileRef = 6EEF399D1E61B5C700D1C988 /* AuthenticationViewModel.swift */; };
		6EF799631EC73E6100C9DFF0 /* ViewModelType.swift in Sources */ = {isa = PBXBuildFile; fileRef = 6EF799621EC73E6100C9DFF0 /* ViewModelType.swift */; };
/* End PBXBuildFile section */

/* Begin PBXContainerItemProxy section */
		6E15D02D1DF0A45A00B4CCA7 /* PBXContainerItemProxy */ = {
			isa = PBXContainerItemProxy;
			containerPortal = 6E15D0101DF0A45900B4CCA7 /* Project object */;
			proxyType = 1;
			remoteGlobalIDString = 6E15D0171DF0A45900B4CCA7;
			remoteInfo = SimpleToDo;
		};
		6E15D0381DF0A45A00B4CCA7 /* PBXContainerItemProxy */ = {
			isa = PBXContainerItemProxy;
			containerPortal = 6E15D0101DF0A45900B4CCA7 /* Project object */;
			proxyType = 1;
			remoteGlobalIDString = 6E15D0171DF0A45900B4CCA7;
			remoteInfo = SimpleToDo;
		};
		6E40B9CA1EC60CE200411F69 /* PBXContainerItemProxy */ = {
			isa = PBXContainerItemProxy;
			containerPortal = 6E15D0101DF0A45900B4CCA7 /* Project object */;
			proxyType = 1;
			remoteGlobalIDString = 6E40B9C41EC60CE100411F69;
			remoteInfo = NotificationServiceExtension;
		};
/* End PBXContainerItemProxy section */

/* Begin PBXCopyFilesBuildPhase section */
		6E40B9D01EC60CE200411F69 /* Embed App Extensions */ = {
			isa = PBXCopyFilesBuildPhase;
			buildActionMask = 2147483647;
			dstPath = "";
			dstSubfolderSpec = 13;
			files = (
				6E40B9CC1EC60CE200411F69 /* NotificationServiceExtension.appex in Embed App Extensions */,
			);
			name = "Embed App Extensions";
			runOnlyForDeploymentPostprocessing = 0;
		};
/* End PBXCopyFilesBuildPhase section */

/* Begin PBXFileReference section */
		6E05D0031E881F0B00C293B8 /* WebService.swift */ = {isa = PBXFileReference; fileEncoding = 4; lastKnownFileType = sourcecode.swift; path = WebService.swift; sourceTree = "<group>"; };
		6E0645571E990D1500A8AA59 /* TextViewCell.swift */ = {isa = PBXFileReference; fileEncoding = 4; lastKnownFileType = sourcecode.swift; path = TextViewCell.swift; sourceTree = "<group>"; };
		6E0645591E993EB600A8AA59 /* SwitchView.swift */ = {isa = PBXFileReference; fileEncoding = 4; lastKnownFileType = sourcecode.swift; path = SwitchView.swift; sourceTree = "<group>"; };
		6E07B8921EBDB4D900ADA5A8 /* Auth0.framework */ = {isa = PBXFileReference; lastKnownFileType = wrapper.framework; name = Auth0.framework; path = Carthage/Build/iOS/Auth0.framework; sourceTree = "<group>"; };
		6E07B8941EBDB9A700ADA5A8 /* Auth0.plist */ = {isa = PBXFileReference; fileEncoding = 4; lastKnownFileType = text.plist.xml; path = Auth0.plist; sourceTree = "<group>"; };
		6E07B8961EBDBC9800ADA5A8 /* AuthenticationService.swift */ = {isa = PBXFileReference; fileEncoding = 4; lastKnownFileType = sourcecode.swift; path = AuthenticationService.swift; sourceTree = "<group>"; };
		6E07ED2B1EC3636A00154DF4 /* SynchronizationReducer.swift */ = {isa = PBXFileReference; fileEncoding = 4; lastKnownFileType = sourcecode.swift; path = SynchronizationReducer.swift; sourceTree = "<group>"; };
		6E14E5E51EE321A90021DE02 /* Aika.entitlements */ = {isa = PBXFileReference; lastKnownFileType = text.plist.entitlements; path = Aika.entitlements; sourceTree = "<group>"; };
		6E15D0181DF0A45A00B4CCA7 /* Aika.app */ = {isa = PBXFileReference; explicitFileType = wrapper.application; includeInIndex = 0; path = Aika.app; sourceTree = BUILT_PRODUCTS_DIR; };
		6E15D01B1DF0A45A00B4CCA7 /* AppDelegate.swift */ = {isa = PBXFileReference; lastKnownFileType = sourcecode.swift; path = AppDelegate.swift; sourceTree = "<group>"; };
		6E15D0221DF0A45A00B4CCA7 /* Assets.xcassets */ = {isa = PBXFileReference; lastKnownFileType = folder.assetcatalog; path = Assets.xcassets; sourceTree = "<group>"; };
		6E15D0251DF0A45A00B4CCA7 /* Base */ = {isa = PBXFileReference; lastKnownFileType = file.storyboard; name = Base; path = Base.lproj/LaunchScreen.storyboard; sourceTree = "<group>"; };
		6E15D0271DF0A45A00B4CCA7 /* Info.plist */ = {isa = PBXFileReference; lastKnownFileType = text.plist.xml; path = Info.plist; sourceTree = "<group>"; };
		6E15D02C1DF0A45A00B4CCA7 /* AikaTests.xctest */ = {isa = PBXFileReference; explicitFileType = wrapper.cfbundle; includeInIndex = 0; path = AikaTests.xctest; sourceTree = BUILT_PRODUCTS_DIR; };
		6E15D0301DF0A45A00B4CCA7 /* SimpleToDoTests.swift */ = {isa = PBXFileReference; lastKnownFileType = sourcecode.swift; path = SimpleToDoTests.swift; sourceTree = "<group>"; };
		6E15D0321DF0A45A00B4CCA7 /* Info.plist */ = {isa = PBXFileReference; lastKnownFileType = text.plist.xml; path = Info.plist; sourceTree = "<group>"; };
		6E15D0371DF0A45A00B4CCA7 /* AikaUITests.xctest */ = {isa = PBXFileReference; explicitFileType = wrapper.cfbundle; includeInIndex = 0; path = AikaUITests.xctest; sourceTree = BUILT_PRODUCTS_DIR; };
		6E15D03B1DF0A45A00B4CCA7 /* SimpleToDoUITests.swift */ = {isa = PBXFileReference; lastKnownFileType = sourcecode.swift; path = SimpleToDoUITests.swift; sourceTree = "<group>"; };
		6E15D03D1DF0A45A00B4CCA7 /* Info.plist */ = {isa = PBXFileReference; lastKnownFileType = text.plist.xml; path = Info.plist; sourceTree = "<group>"; };
		6E15D0641DF0B62D00B4CCA7 /* SnapKit.framework */ = {isa = PBXFileReference; lastKnownFileType = wrapper.framework; name = SnapKit.framework; path = Carthage/Build/iOS/SnapKit.framework; sourceTree = "<group>"; };
		6E16914B1E61F63A004EE586 /* Actions.swift */ = {isa = PBXFileReference; fileEncoding = 4; lastKnownFileType = sourcecode.swift; path = Actions.swift; sourceTree = "<group>"; };
		6E2BAE901ECE28170030C2C0 /* SystemReducer.swift */ = {isa = PBXFileReference; fileEncoding = 4; lastKnownFileType = sourcecode.swift; path = SystemReducer.swift; sourceTree = "<group>"; };
		6E2E11DA1E2EA8BA00DF4A26 /* AMScrollingNavbar.framework */ = {isa = PBXFileReference; lastKnownFileType = wrapper.framework; name = AMScrollingNavbar.framework; path = Carthage/Build/iOS/AMScrollingNavbar.framework; sourceTree = "<group>"; };
		6E3B8A751EB4CD9500EC932F /* SettingsController.swift */ = {isa = PBXFileReference; fileEncoding = 4; lastKnownFileType = sourcecode.swift; path = SettingsController.swift; sourceTree = "<group>"; };
		6E3B8A771EB4CDC500EC932F /* SettingsViewModel.swift */ = {isa = PBXFileReference; fileEncoding = 4; lastKnownFileType = sourcecode.swift; path = SettingsViewModel.swift; sourceTree = "<group>"; };
		6E3B8A791EB4CE1600EC932F /* SettingsCoordinator.swift */ = {isa = PBXFileReference; fileEncoding = 4; lastKnownFileType = sourcecode.swift; path = SettingsCoordinator.swift; sourceTree = "<group>"; };
		6E3B8A7B1EB4D42600EC932F /* SettingsReducer.swift */ = {isa = PBXFileReference; fileEncoding = 4; lastKnownFileType = sourcecode.swift; path = SettingsReducer.swift; sourceTree = "<group>"; };
		6E40B9C51EC60CE100411F69 /* NotificationServiceExtension.appex */ = {isa = PBXFileReference; explicitFileType = "wrapper.app-extension"; includeInIndex = 0; path = NotificationServiceExtension.appex; sourceTree = BUILT_PRODUCTS_DIR; };
		6E40B9C71EC60CE100411F69 /* NotificationService.swift */ = {isa = PBXFileReference; lastKnownFileType = sourcecode.swift; path = NotificationService.swift; sourceTree = "<group>"; };
		6E40B9C91EC60CE100411F69 /* Info.plist */ = {isa = PBXFileReference; lastKnownFileType = text.plist.xml; path = Info.plist; sourceTree = "<group>"; };
		6E494D891EBDD13100280F5F /* JWTDecode.framework */ = {isa = PBXFileReference; lastKnownFileType = wrapper.framework; name = JWTDecode.framework; path = Carthage/Build/iOS/JWTDecode.framework; sourceTree = "<group>"; };
		6E5752151E05AD06002AA9B4 /* Entities.swift */ = {isa = PBXFileReference; fileEncoding = 4; lastKnownFileType = sourcecode.swift; path = Entities.swift; sourceTree = "<group>"; };
		6E5752181E05AFC4002AA9B4 /* RxDataSources.framework */ = {isa = PBXFileReference; lastKnownFileType = wrapper.framework; name = RxDataSources.framework; path = Carthage/Build/iOS/RxDataSources.framework; sourceTree = "<group>"; };
		6E5752191E05AFC4002AA9B4 /* Unbox.framework */ = {isa = PBXFileReference; lastKnownFileType = wrapper.framework; name = Unbox.framework; path = Carthage/Build/iOS/Unbox.framework; sourceTree = "<group>"; };
		6E57521C1E05B24A002AA9B4 /* Extensions.swift */ = {isa = PBXFileReference; fileEncoding = 4; lastKnownFileType = sourcecode.swift; path = Extensions.swift; sourceTree = "<group>"; };
		6E5872111E5BEDE70003D9D2 /* AddressBook.framework */ = {isa = PBXFileReference; lastKnownFileType = wrapper.framework; name = AddressBook.framework; path = System/Library/Frameworks/AddressBook.framework; sourceTree = SDKROOT; };
		6E5872131E5BEDF40003D9D2 /* libz.tbd */ = {isa = PBXFileReference; lastKnownFileType = "sourcecode.text-based-dylib-definition"; name = libz.tbd; path = usr/lib/libz.tbd; sourceTree = SDKROOT; };
		6E58721A1E5BF53C0003D9D2 /* GTMOAuth2.framework */ = {isa = PBXFileReference; lastKnownFileType = wrapper.framework; name = GTMOAuth2.framework; path = Carthage/Firebase/Invites/GTMOAuth2.framework; sourceTree = "<group>"; };
		6E58721C1E5BF5990003D9D2 /* GoogleSignIn.framework */ = {isa = PBXFileReference; lastKnownFileType = wrapper.framework; name = GoogleSignIn.framework; path = Carthage/Firebase/Invites/GoogleSignIn.framework; sourceTree = "<group>"; };
		6E58721E1E5BF5B60003D9D2 /* Protobuf.framework */ = {isa = PBXFileReference; lastKnownFileType = wrapper.framework; name = Protobuf.framework; path = Carthage/Firebase/Invites/Protobuf.framework; sourceTree = "<group>"; };
		6E58721F1E5BF5B60003D9D2 /* FirebaseDynamicLinks.framework */ = {isa = PBXFileReference; lastKnownFileType = wrapper.framework; name = FirebaseDynamicLinks.framework; path = Carthage/Firebase/Invites/FirebaseDynamicLinks.framework; sourceTree = "<group>"; };
		6E5872201E5BF5B60003D9D2 /* FirebaseInvites.framework */ = {isa = PBXFileReference; lastKnownFileType = wrapper.framework; name = FirebaseInvites.framework; path = Carthage/Firebase/Invites/FirebaseInvites.framework; sourceTree = "<group>"; };
		6E5872211E5BF5B60003D9D2 /* GoogleAPIClientForREST.framework */ = {isa = PBXFileReference; lastKnownFileType = wrapper.framework; name = GoogleAPIClientForREST.framework; path = Carthage/Firebase/Invites/GoogleAPIClientForREST.framework; sourceTree = "<group>"; };
		6E5872261E5BF6920003D9D2 /* GINInviteResources */ = {isa = PBXFileReference; lastKnownFileType = folder; name = GINInviteResources; path = Carthage/Firebase/Invites/Resources/GINInviteResources; sourceTree = "<group>"; };
		6E5872281E5BF6B20003D9D2 /* GoogleSignIn.bundle */ = {isa = PBXFileReference; lastKnownFileType = "wrapper.plug-in"; name = GoogleSignIn.bundle; path = Carthage/Firebase/Invites/Resources/GoogleSignIn.bundle; sourceTree = "<group>"; };
		6E5872291E5BF6B20003D9D2 /* GINInviteResources.bundle */ = {isa = PBXFileReference; lastKnownFileType = "wrapper.plug-in"; name = GINInviteResources.bundle; path = Carthage/Firebase/Invites/Resources/GINInviteResources.bundle; sourceTree = "<group>"; };
		6E58722A1E5BF6B20003D9D2 /* GPPACLPickerResources.bundle */ = {isa = PBXFileReference; lastKnownFileType = "wrapper.plug-in"; name = GPPACLPickerResources.bundle; path = Carthage/Firebase/Invites/Resources/GPPACLPickerResources.bundle; sourceTree = "<group>"; };
		6E59883A1EB8C0AB00501B7F /* FirebaseCrash.framework */ = {isa = PBXFileReference; lastKnownFileType = wrapper.framework; name = FirebaseCrash.framework; path = Carthage/Firebase/Crash/FirebaseCrash.framework; sourceTree = "<group>"; };
		6E59883B1EB8C0AB00501B7F /* Protobuf.framework */ = {isa = PBXFileReference; lastKnownFileType = wrapper.framework; name = Protobuf.framework; path = Carthage/Firebase/Crash/Protobuf.framework; sourceTree = "<group>"; };
		6E5BA8A91EEEF40F00B61645 /* Crashlytics.framework */ = {isa = PBXFileReference; lastKnownFileType = wrapper.framework; name = Crashlytics.framework; path = Carthage/Crashlytics.framework; sourceTree = "<group>"; };
		6E5BA8AA1EEEF40F00B61645 /* Fabric.framework */ = {isa = PBXFileReference; lastKnownFileType = wrapper.framework; name = Fabric.framework; path = Carthage/Fabric.framework; sourceTree = "<group>"; };
		6E5C9B341E67CDBC00532B4B /* TasksCoordinator.swift */ = {isa = PBXFileReference; fileEncoding = 4; lastKnownFileType = sourcecode.swift; path = TasksCoordinator.swift; sourceTree = "<group>"; };
		6E5FD9B51E59FA0C002C71F2 /* TasksViewModel.swift */ = {isa = PBXFileReference; fileEncoding = 4; lastKnownFileType = sourcecode.swift; path = TasksViewModel.swift; sourceTree = "<group>"; };
		6E6422D91E180E1B00FAFFFB /* TableSections.swift */ = {isa = PBXFileReference; fileEncoding = 4; lastKnownFileType = sourcecode.swift; path = TableSections.swift; sourceTree = "<group>"; };
		6E7AAA4F1EB4DB8800F2ACC3 /* GenericNavigationController.swift */ = {isa = PBXFileReference; fileEncoding = 4; lastKnownFileType = sourcecode.swift; path = GenericNavigationController.swift; sourceTree = "<group>"; };
		6E86F4FB1EE3028500102AC3 /* TasksTableBackground.swift */ = {isa = PBXFileReference; fileEncoding = 4; lastKnownFileType = sourcecode.swift; path = TasksTableBackground.swift; sourceTree = "<group>"; };
		6E8845CB1E24056000EA3C2A /* TaskActionView.swift */ = {isa = PBXFileReference; fileEncoding = 4; lastKnownFileType = sourcecode.swift; path = TaskActionView.swift; sourceTree = "<group>"; };
		6E8A9E8C1EE7AD5800F2FA1F /* FrameworksController.swift */ = {isa = PBXFileReference; fileEncoding = 4; lastKnownFileType = sourcecode.swift; path = FrameworksController.swift; sourceTree = "<group>"; };
		6E8A9E8E1EE7B02500F2FA1F /* FrameworksViewModel.swift */ = {isa = PBXFileReference; fileEncoding = 4; lastKnownFileType = sourcecode.swift; path = FrameworksViewModel.swift; sourceTree = "<group>"; };
		6E8AD5B81EACD51900B0AF2D /* OneSignal.framework */ = {isa = PBXFileReference; lastKnownFileType = wrapper.framework; name = OneSignal.framework; path = Carthage/Build/iOS/OneSignal.framework; sourceTree = "<group>"; };
		6E8AD5BA1EACEF9000B0AF2D /* PushNotificationsReducer.swift */ = {isa = PBXFileReference; fileEncoding = 4; lastKnownFileType = sourcecode.swift; path = PushNotificationsReducer.swift; sourceTree = "<group>"; };
		6E8B0F421E60280900E2C265 /* RxDataFlow.framework */ = {isa = PBXFileReference; lastKnownFileType = wrapper.framework; name = RxDataFlow.framework; path = Carthage/Build/iOS/RxDataFlow.framework; sourceTree = "<group>"; };
		6E9026E01E5AA47F00851B4D /* GoogleSignIn.framework */ = {isa = PBXFileReference; lastKnownFileType = wrapper.framework; name = GoogleSignIn.framework; path = Carthage/googlesignin/GoogleSignIn.framework; sourceTree = "<group>"; };
		6E9026E21E5AA55700851B4D /* SafariServices.framework */ = {isa = PBXFileReference; lastKnownFileType = wrapper.framework; name = SafariServices.framework; path = System/Library/Frameworks/SafariServices.framework; sourceTree = SDKROOT; };
		6E9026E41E5AA56400851B4D /* SystemConfiguration.framework */ = {isa = PBXFileReference; lastKnownFileType = wrapper.framework; name = SystemConfiguration.framework; path = System/Library/Frameworks/SystemConfiguration.framework; sourceTree = SDKROOT; };
		6E9026E61E5AA57E00851B4D /* GoogleSignInDependencies.framework */ = {isa = PBXFileReference; lastKnownFileType = wrapper.framework; name = GoogleSignInDependencies.framework; path = Carthage/googlesignin/GoogleSignInDependencies.framework; sourceTree = "<group>"; };
		6E9026E71E5AA57E00851B4D /* GoogleAppUtilities.framework */ = {isa = PBXFileReference; lastKnownFileType = wrapper.framework; name = GoogleAppUtilities.framework; path = Carthage/googlesignin/GoogleAppUtilities.framework; sourceTree = "<group>"; };
		6E9026E81E5AA57E00851B4D /* GoogleSymbolUtilities.framework */ = {isa = PBXFileReference; lastKnownFileType = wrapper.framework; name = GoogleSymbolUtilities.framework; path = Carthage/googlesignin/GoogleSymbolUtilities.framework; sourceTree = "<group>"; };
		6E96B07A1EBAE69B0096ACFE /* ActivityView.swift */ = {isa = PBXFileReference; fileEncoding = 4; lastKnownFileType = sourcecode.swift; path = ActivityView.swift; sourceTree = "<group>"; };
		6E96B07E1EBC361A0096ACFE /* SnackView.swift */ = {isa = PBXFileReference; fileEncoding = 4; lastKnownFileType = sourcecode.swift; path = SnackView.swift; sourceTree = "<group>"; };
		6E97DD1E1EF674F600542768 /* MessageUI.framework */ = {isa = PBXFileReference; lastKnownFileType = wrapper.framework; name = MessageUI.framework; path = System/Library/Frameworks/MessageUI.framework; sourceTree = SDKROOT; };
		6E9AA3E91E540D9100BA8283 /* FirebaseAnalytics.framework */ = {isa = PBXFileReference; lastKnownFileType = wrapper.framework; name = FirebaseAnalytics.framework; path = Carthage/Firebase/Analytics/FirebaseAnalytics.framework; sourceTree = "<group>"; };
		6E9AA3EA1E540D9100BA8283 /* FirebaseCore.framework */ = {isa = PBXFileReference; lastKnownFileType = wrapper.framework; name = FirebaseCore.framework; path = Carthage/Firebase/Analytics/FirebaseCore.framework; sourceTree = "<group>"; };
		6E9AA3EB1E540D9100BA8283 /* FirebaseInstanceID.framework */ = {isa = PBXFileReference; lastKnownFileType = wrapper.framework; name = FirebaseInstanceID.framework; path = Carthage/Firebase/Analytics/FirebaseInstanceID.framework; sourceTree = "<group>"; };
		6E9AA3EC1E540D9100BA8283 /* GoogleToolboxForMac.framework */ = {isa = PBXFileReference; lastKnownFileType = wrapper.framework; name = GoogleToolboxForMac.framework; path = Carthage/Firebase/Analytics/GoogleToolboxForMac.framework; sourceTree = "<group>"; };
		6E9AA3F11E540DA100BA8283 /* FirebaseAuth.framework */ = {isa = PBXFileReference; lastKnownFileType = wrapper.framework; name = FirebaseAuth.framework; path = Carthage/Firebase/Auth/FirebaseAuth.framework; sourceTree = "<group>"; };
		6E9AA3F21E540DA100BA8283 /* GTMSessionFetcher.framework */ = {isa = PBXFileReference; lastKnownFileType = wrapper.framework; name = GTMSessionFetcher.framework; path = Carthage/Firebase/Auth/GTMSessionFetcher.framework; sourceTree = "<group>"; };
		6EA022C71E755A3600934BB7 /* RootReducer.swift */ = {isa = PBXFileReference; fileEncoding = 4; lastKnownFileType = sourcecode.swift; path = RootReducer.swift; sourceTree = "<group>"; };
		6EA022C91E755A5700934BB7 /* AuthenticationReducer.swift */ = {isa = PBXFileReference; fileEncoding = 4; lastKnownFileType = sourcecode.swift; path = AuthenticationReducer.swift; sourceTree = "<group>"; };
		6EA0B47C1EC1C9F4005BA709 /* Realm.framework */ = {isa = PBXFileReference; lastKnownFileType = wrapper.framework; name = Realm.framework; path = Carthage/Build/iOS/Realm.framework; sourceTree = "<group>"; };
		6EA0B47D1EC1C9F4005BA709 /* RealmSwift.framework */ = {isa = PBXFileReference; lastKnownFileType = wrapper.framework; name = RealmSwift.framework; path = Carthage/Build/iOS/RealmSwift.framework; sourceTree = "<group>"; };
		6EA0B4801EC1D25E005BA709 /* Repository.swift */ = {isa = PBXFileReference; fileEncoding = 4; lastKnownFileType = sourcecode.swift; path = Repository.swift; sourceTree = "<group>"; };
		6EA0B4821EC20801005BA709 /* SynchronizationService.swift */ = {isa = PBXFileReference; fileEncoding = 4; lastKnownFileType = sourcecode.swift; path = SynchronizationService.swift; sourceTree = "<group>"; };
		6EA7B4201E06A3940043BAA1 /* State.swift */ = {isa = PBXFileReference; fileEncoding = 4; lastKnownFileType = sourcecode.swift; lineEnding = 0; path = State.swift; sourceTree = "<group>"; xcLanguageSpecificationIdentifier = xcode.lang.swift; };
		6EA9C62F1E2A9EFF0016C1C4 /* Theme.swift */ = {isa = PBXFileReference; fileEncoding = 4; lastKnownFileType = sourcecode.swift; path = Theme.swift; sourceTree = "<group>"; };
		6EA9C6311E2AA9B80016C1C4 /* RxGesture.framework */ = {isa = PBXFileReference; lastKnownFileType = wrapper.framework; name = RxGesture.framework; path = Carthage/Build/iOS/RxGesture.framework; sourceTree = "<group>"; };
		6EAACA281EB7591D004EB190 /* DefaultCell.swift */ = {isa = PBXFileReference; fileEncoding = 4; lastKnownFileType = sourcecode.swift; path = DefaultCell.swift; sourceTree = "<group>"; };
		6EAACA2C1EB75F99004EB190 /* SwitchCell.swift */ = {isa = PBXFileReference; fileEncoding = 4; lastKnownFileType = sourcecode.swift; path = SwitchCell.swift; sourceTree = "<group>"; };
		6EAF1B381EB5244C00C72BF5 /* InitialCoordinator.swift */ = {isa = PBXFileReference; fileEncoding = 4; lastKnownFileType = sourcecode.swift; path = InitialCoordinator.swift; sourceTree = "<group>"; };
		6EAF1B3B1EB5297C00C72BF5 /* SlidePresentAnimationController.swift */ = {isa = PBXFileReference; fileEncoding = 4; lastKnownFileType = sourcecode.swift; path = SlidePresentAnimationController.swift; sourceTree = "<group>"; };
		6EB04F231EEE85F30023619A /* SimpleKeychain.framework */ = {isa = PBXFileReference; lastKnownFileType = wrapper.framework; name = SimpleKeychain.framework; path = Carthage/Build/iOS/SimpleKeychain.framework; sourceTree = "<group>"; };
		6EB36A791E1ED9CA006B5239 /* TaskCell.swift */ = {isa = PBXFileReference; fileEncoding = 4; lastKnownFileType = sourcecode.swift; path = TaskCell.swift; sourceTree = "<group>"; };
		6EBD408C1E60ABF700661CA6 /* AuthenticationCoordinators.swift */ = {isa = PBXFileReference; fileEncoding = 4; lastKnownFileType = sourcecode.swift; path = AuthenticationCoordinators.swift; sourceTree = "<group>"; };
		6EC7AC361E9A37EF005CDF5F /* DatePickerView.swift */ = {isa = PBXFileReference; fileEncoding = 4; lastKnownFileType = sourcecode.swift; path = DatePickerView.swift; sourceTree = "<group>"; };
		6EC7AC381E9A3C6B005CDF5F /* TargetDateView.swift */ = {isa = PBXFileReference; fileEncoding = 4; lastKnownFileType = sourcecode.swift; path = TargetDateView.swift; sourceTree = "<group>"; };
		6ED0A2091E79835E00B59B52 /* EditTaskViewModel.swift */ = {isa = PBXFileReference; fileEncoding = 4; lastKnownFileType = sourcecode.swift; path = EditTaskViewModel.swift; sourceTree = "<group>"; };
		6ED3F4401E7D9F6A0003C1CC /* Keychain.swift */ = {isa = PBXFileReference; fileEncoding = 4; lastKnownFileType = sourcecode.swift; path = Keychain.swift; sourceTree = "<group>"; };
		6ED3F4441E7DA3D50003C1CC /* EditTaskController.swift */ = {isa = PBXFileReference; fileEncoding = 4; lastKnownFileType = sourcecode.swift; path = EditTaskController.swift; sourceTree = "<group>"; };
		6ED3F4451E7DA3D50003C1CC /* TasksController.swift */ = {isa = PBXFileReference; fileEncoding = 4; lastKnownFileType = sourcecode.swift; path = TasksController.swift; sourceTree = "<group>"; };
		6EE247D71DF21291001A6F39 /* Material.framework */ = {isa = PBXFileReference; lastKnownFileType = wrapper.framework; name = Material.framework; path = Carthage/Build/iOS/Material.framework; sourceTree = "<group>"; };
		6EE247D81DF21291001A6F39 /* OHHTTPStubs.framework */ = {isa = PBXFileReference; lastKnownFileType = wrapper.framework; name = OHHTTPStubs.framework; path = Carthage/Build/iOS/OHHTTPStubs.framework; sourceTree = "<group>"; };
		6EE247D91DF21291001A6F39 /* RxBlocking.framework */ = {isa = PBXFileReference; lastKnownFileType = wrapper.framework; name = RxBlocking.framework; path = Carthage/Build/iOS/RxBlocking.framework; sourceTree = "<group>"; };
		6EE247DA1DF21291001A6F39 /* RxCocoa.framework */ = {isa = PBXFileReference; lastKnownFileType = wrapper.framework; name = RxCocoa.framework; path = Carthage/Build/iOS/RxCocoa.framework; sourceTree = "<group>"; };
		6EE247DB1DF21291001A6F39 /* RxHttpClient.framework */ = {isa = PBXFileReference; lastKnownFileType = wrapper.framework; name = RxHttpClient.framework; path = Carthage/Build/iOS/RxHttpClient.framework; sourceTree = "<group>"; };
		6EE247DC1DF21291001A6F39 /* RxState.framework */ = {isa = PBXFileReference; lastKnownFileType = wrapper.framework; name = RxState.framework; path = Carthage/Build/iOS/RxState.framework; sourceTree = "<group>"; };
		6EE247DD1DF21291001A6F39 /* RxSwift.framework */ = {isa = PBXFileReference; lastKnownFileType = wrapper.framework; name = RxSwift.framework; path = Carthage/Build/iOS/RxSwift.framework; sourceTree = "<group>"; };
		6EE247DE1DF21291001A6F39 /* RxTest.framework */ = {isa = PBXFileReference; lastKnownFileType = wrapper.framework; name = RxTest.framework; path = Carthage/Build/iOS/RxTest.framework; sourceTree = "<group>"; };
		6EE91CAB1E1959430025A4BD /* Wrap.framework */ = {isa = PBXFileReference; lastKnownFileType = wrapper.framework; name = Wrap.framework; path = Carthage/Build/iOS/Wrap.framework; sourceTree = "<group>"; };
		6EEF39981E61A0BA00D1C988 /* AuthenticationController.swift */ = {isa = PBXFileReference; fileEncoding = 4; lastKnownFileType = sourcecode.swift; path = AuthenticationController.swift; sourceTree = "<group>"; };
		6EEF399D1E61B5C700D1C988 /* AuthenticationViewModel.swift */ = {isa = PBXFileReference; fileEncoding = 4; lastKnownFileType = sourcecode.swift; path = AuthenticationViewModel.swift; sourceTree = "<group>"; };
		6EF799621EC73E6100C9DFF0 /* ViewModelType.swift */ = {isa = PBXFileReference; fileEncoding = 4; lastKnownFileType = sourcecode.swift; path = ViewModelType.swift; sourceTree = "<group>"; };
/* End PBXFileReference section */

/* Begin PBXFrameworksBuildPhase section */
		6E15D0151DF0A45900B4CCA7 /* Frameworks */ = {
			isa = PBXFrameworksBuildPhase;
			buildActionMask = 2147483647;
			files = (
				6E97DD1F1EF674F600542768 /* MessageUI.framework in Frameworks */,
				6E5BA8AB1EEEF40F00B61645 /* Crashlytics.framework in Frameworks */,
				6E5BA8AC1EEEF40F00B61645 /* Fabric.framework in Frameworks */,
				6EB04F241EEE85F30023619A /* SimpleKeychain.framework in Frameworks */,
				6EA0B47E1EC1C9F4005BA709 /* Realm.framework in Frameworks */,
				6EA0B47F1EC1C9F4005BA709 /* RealmSwift.framework in Frameworks */,
				6E494D8A1EBDD13100280F5F /* JWTDecode.framework in Frameworks */,
				6E07B8931EBDB4D900ADA5A8 /* Auth0.framework in Frameworks */,
				6E8AD5B91EACD51900B0AF2D /* OneSignal.framework in Frameworks */,
				6E8B0F431E60280900E2C265 /* RxDataFlow.framework in Frameworks */,
				6EA9C6321E2AA9B80016C1C4 /* RxGesture.framework in Frameworks */,
				6EE91CAC1E1959430025A4BD /* Wrap.framework in Frameworks */,
				6E57521A1E05AFC4002AA9B4 /* RxDataSources.framework in Frameworks */,
				6E57521B1E05AFC4002AA9B4 /* Unbox.framework in Frameworks */,
				6EE247DF1DF21291001A6F39 /* Material.framework in Frameworks */,
				6EE247E21DF21291001A6F39 /* RxCocoa.framework in Frameworks */,
				6EE247E31DF21291001A6F39 /* RxHttpClient.framework in Frameworks */,
				6EE247E51DF21291001A6F39 /* RxSwift.framework in Frameworks */,
				6E15D0651DF0B62D00B4CCA7 /* SnapKit.framework in Frameworks */,
			);
			runOnlyForDeploymentPostprocessing = 0;
		};
		6E15D0291DF0A45A00B4CCA7 /* Frameworks */ = {
			isa = PBXFrameworksBuildPhase;
			buildActionMask = 2147483647;
			files = (
			);
			runOnlyForDeploymentPostprocessing = 0;
		};
		6E15D0341DF0A45A00B4CCA7 /* Frameworks */ = {
			isa = PBXFrameworksBuildPhase;
			buildActionMask = 2147483647;
			files = (
			);
			runOnlyForDeploymentPostprocessing = 0;
		};
		6E40B9C21EC60CE100411F69 /* Frameworks */ = {
			isa = PBXFrameworksBuildPhase;
			buildActionMask = 2147483647;
			files = (
				6E40B9D11EC60DA200411F69 /* OneSignal.framework in Frameworks */,
			);
			runOnlyForDeploymentPostprocessing = 0;
		};
/* End PBXFrameworksBuildPhase section */

/* Begin PBXGroup section */
		6E15D00F1DF0A45900B4CCA7 = {
			isa = PBXGroup;
			children = (
				6E14E5E51EE321A90021DE02 /* Aika.entitlements */,
				6E15D01A1DF0A45A00B4CCA7 /* Aika */,
				6E15D02F1DF0A45A00B4CCA7 /* AikaTests */,
				6E15D03A1DF0A45A00B4CCA7 /* AikaTests */,
				6E40B9C61EC60CE100411F69 /* NotificationServiceExtension */,
				6E15D0191DF0A45A00B4CCA7 /* Products */,
				6E15D0631DF0B62D00B4CCA7 /* Frameworks */,
			);
			sourceTree = "<group>";
		};
		6E15D0191DF0A45A00B4CCA7 /* Products */ = {
			isa = PBXGroup;
			children = (
				6E15D0181DF0A45A00B4CCA7 /* Aika.app */,
				6E15D02C1DF0A45A00B4CCA7 /* AikaTests.xctest */,
				6E15D0371DF0A45A00B4CCA7 /* AikaUITests.xctest */,
				6E40B9C51EC60CE100411F69 /* NotificationServiceExtension.appex */,
			);
			name = Products;
			sourceTree = "<group>";
		};
		6E15D01A1DF0A45A00B4CCA7 /* Aika */ = {
			isa = PBXGroup;
			children = (
				6EBD408B1E60ABB100661CA6 /* AppCoordinator */,
				6E5FD9B41E59F9D2002C71F2 /* ViewModels */,
				6EA7B41F1E06A36D0043BAA1 /* DataFlow */,
				6E5752171E05ADBD002AA9B4 /* Controls */,
				6E5752141E05ACD9002AA9B4 /* Common */,
				6EE247D31DF211CF001A6F39 /* Controllers */,
				6EAF1B3A1EB5292D00C72BF5 /* ControllerTransitions */,
				6E15D01B1DF0A45A00B4CCA7 /* AppDelegate.swift */,
				6E15D0221DF0A45A00B4CCA7 /* Assets.xcassets */,
				6E15D0241DF0A45A00B4CCA7 /* LaunchScreen.storyboard */,
				6E15D0271DF0A45A00B4CCA7 /* Info.plist */,
				6E07B8941EBDB9A700ADA5A8 /* Auth0.plist */,
			);
			path = Aika;
			sourceTree = "<group>";
		};
		6E15D02F1DF0A45A00B4CCA7 /* AikaTests */ = {
			isa = PBXGroup;
			children = (
				6E15D0301DF0A45A00B4CCA7 /* SimpleToDoTests.swift */,
				6E15D0321DF0A45A00B4CCA7 /* Info.plist */,
			);
			path = AikaTests;
			sourceTree = "<group>";
		};
		6E15D03A1DF0A45A00B4CCA7 /* AikaTests */ = {
			isa = PBXGroup;
			children = (
				6E15D03B1DF0A45A00B4CCA7 /* SimpleToDoUITests.swift */,
				6E15D03D1DF0A45A00B4CCA7 /* Info.plist */,
			);
			name = AikaTests;
			path = AikaUITests;
			sourceTree = "<group>";
		};
		6E15D0631DF0B62D00B4CCA7 /* Frameworks */ = {
			isa = PBXGroup;
			children = (
				6E97DD1E1EF674F600542768 /* MessageUI.framework */,
				6E5BA8A91EEEF40F00B61645 /* Crashlytics.framework */,
				6E5BA8AA1EEEF40F00B61645 /* Fabric.framework */,
				6EB04F231EEE85F30023619A /* SimpleKeychain.framework */,
				6EA0B47C1EC1C9F4005BA709 /* Realm.framework */,
				6EA0B47D1EC1C9F4005BA709 /* RealmSwift.framework */,
				6E494D891EBDD13100280F5F /* JWTDecode.framework */,
				6E07B8921EBDB4D900ADA5A8 /* Auth0.framework */,
				6E59883A1EB8C0AB00501B7F /* FirebaseCrash.framework */,
				6E59883B1EB8C0AB00501B7F /* Protobuf.framework */,
				6E8AD5B81EACD51900B0AF2D /* OneSignal.framework */,
				6E5872281E5BF6B20003D9D2 /* GoogleSignIn.bundle */,
				6E5872291E5BF6B20003D9D2 /* GINInviteResources.bundle */,
				6E58722A1E5BF6B20003D9D2 /* GPPACLPickerResources.bundle */,
				6E5872261E5BF6920003D9D2 /* GINInviteResources */,
				6E58721E1E5BF5B60003D9D2 /* Protobuf.framework */,
				6E58721F1E5BF5B60003D9D2 /* FirebaseDynamicLinks.framework */,
				6E5872201E5BF5B60003D9D2 /* FirebaseInvites.framework */,
				6E5872211E5BF5B60003D9D2 /* GoogleAPIClientForREST.framework */,
				6E58721C1E5BF5990003D9D2 /* GoogleSignIn.framework */,
				6E58721A1E5BF53C0003D9D2 /* GTMOAuth2.framework */,
				6E5872131E5BEDF40003D9D2 /* libz.tbd */,
				6E5872111E5BEDE70003D9D2 /* AddressBook.framework */,
				6E9026E61E5AA57E00851B4D /* GoogleSignInDependencies.framework */,
				6E9026E71E5AA57E00851B4D /* GoogleAppUtilities.framework */,
				6E9026E81E5AA57E00851B4D /* GoogleSymbolUtilities.framework */,
				6E9026E41E5AA56400851B4D /* SystemConfiguration.framework */,
				6E9026E21E5AA55700851B4D /* SafariServices.framework */,
				6E9026E01E5AA47F00851B4D /* GoogleSignIn.framework */,
				6E9AA3F11E540DA100BA8283 /* FirebaseAuth.framework */,
				6E9AA3F21E540DA100BA8283 /* GTMSessionFetcher.framework */,
				6E9AA3E91E540D9100BA8283 /* FirebaseAnalytics.framework */,
				6E9AA3EA1E540D9100BA8283 /* FirebaseCore.framework */,
				6E9AA3EB1E540D9100BA8283 /* FirebaseInstanceID.framework */,
				6E9AA3EC1E540D9100BA8283 /* GoogleToolboxForMac.framework */,
				6E8B0F421E60280900E2C265 /* RxDataFlow.framework */,
				6E2E11DA1E2EA8BA00DF4A26 /* AMScrollingNavbar.framework */,
				6EA9C6311E2AA9B80016C1C4 /* RxGesture.framework */,
				6EE91CAB1E1959430025A4BD /* Wrap.framework */,
				6E5752181E05AFC4002AA9B4 /* RxDataSources.framework */,
				6E5752191E05AFC4002AA9B4 /* Unbox.framework */,
				6EE247D71DF21291001A6F39 /* Material.framework */,
				6EE247D81DF21291001A6F39 /* OHHTTPStubs.framework */,
				6EE247D91DF21291001A6F39 /* RxBlocking.framework */,
				6EE247DA1DF21291001A6F39 /* RxCocoa.framework */,
				6EE247DB1DF21291001A6F39 /* RxHttpClient.framework */,
				6EE247DC1DF21291001A6F39 /* RxState.framework */,
				6EE247DD1DF21291001A6F39 /* RxSwift.framework */,
				6EE247DE1DF21291001A6F39 /* RxTest.framework */,
				6E15D0641DF0B62D00B4CCA7 /* SnapKit.framework */,
			);
			name = Frameworks;
			sourceTree = "<group>";
		};
		6E40B9C61EC60CE100411F69 /* NotificationServiceExtension */ = {
			isa = PBXGroup;
			children = (
				6E40B9C71EC60CE100411F69 /* NotificationService.swift */,
				6E40B9C91EC60CE100411F69 /* Info.plist */,
			);
			path = NotificationServiceExtension;
			sourceTree = "<group>";
		};
		6E5752141E05ACD9002AA9B4 /* Common */ = {
			isa = PBXGroup;
			children = (
				6E5752151E05AD06002AA9B4 /* Entities.swift */,
				6E57521C1E05B24A002AA9B4 /* Extensions.swift */,
				6E6422D91E180E1B00FAFFFB /* TableSections.swift */,
				6EA9C62F1E2A9EFF0016C1C4 /* Theme.swift */,
				6ED3F4401E7D9F6A0003C1CC /* Keychain.swift */,
				6EA0B4801EC1D25E005BA709 /* Repository.swift */,
				6E05D0031E881F0B00C293B8 /* WebService.swift */,
				6E07B8961EBDBC9800ADA5A8 /* AuthenticationService.swift */,
				6EA0B4821EC20801005BA709 /* SynchronizationService.swift */,
			);
			path = Common;
			sourceTree = "<group>";
		};
		6E5752171E05ADBD002AA9B4 /* Controls */ = {
			isa = PBXGroup;
			children = (
				6EB36A791E1ED9CA006B5239 /* TaskCell.swift */,
				6E8845CB1E24056000EA3C2A /* TaskActionView.swift */,
				6E0645571E990D1500A8AA59 /* TextViewCell.swift */,
				6E0645591E993EB600A8AA59 /* SwitchView.swift */,
				6EC7AC361E9A37EF005CDF5F /* DatePickerView.swift */,
				6EC7AC381E9A3C6B005CDF5F /* TargetDateView.swift */,
				6EAACA281EB7591D004EB190 /* DefaultCell.swift */,
				6EAACA2C1EB75F99004EB190 /* SwitchCell.swift */,
				6E96B07A1EBAE69B0096ACFE /* ActivityView.swift */,
				6E96B07E1EBC361A0096ACFE /* SnackView.swift */,
				6E86F4FB1EE3028500102AC3 /* TasksTableBackground.swift */,
			);
			path = Controls;
			sourceTree = "<group>";
		};
		6E5FD9B41E59F9D2002C71F2 /* ViewModels */ = {
			isa = PBXGroup;
			children = (
				6EF799621EC73E6100C9DFF0 /* ViewModelType.swift */,
				6E5FD9B51E59FA0C002C71F2 /* TasksViewModel.swift */,
				6EEF399D1E61B5C700D1C988 /* AuthenticationViewModel.swift */,
				6ED0A2091E79835E00B59B52 /* EditTaskViewModel.swift */,
				6E3B8A771EB4CDC500EC932F /* SettingsViewModel.swift */,
				6E8A9E8E1EE7B02500F2FA1F /* FrameworksViewModel.swift */,
			);
			path = ViewModels;
			sourceTree = "<group>";
		};
		6EA022C61E7559E900934BB7 /* Reducers */ = {
			isa = PBXGroup;
			children = (
				6EA022C71E755A3600934BB7 /* RootReducer.swift */,
				6EA022C91E755A5700934BB7 /* AuthenticationReducer.swift */,
				6E8AD5BA1EACEF9000B0AF2D /* PushNotificationsReducer.swift */,
				6E3B8A7B1EB4D42600EC932F /* SettingsReducer.swift */,
				6E07ED2B1EC3636A00154DF4 /* SynchronizationReducer.swift */,
				6E2BAE901ECE28170030C2C0 /* SystemReducer.swift */,
			);
			path = Reducers;
			sourceTree = "<group>";
		};
		6EA7B41F1E06A36D0043BAA1 /* DataFlow */ = {
			isa = PBXGroup;
			children = (
				6EA022C61E7559E900934BB7 /* Reducers */,
				6EA7B4201E06A3940043BAA1 /* State.swift */,
				6E16914B1E61F63A004EE586 /* Actions.swift */,
			);
			path = DataFlow;
			sourceTree = "<group>";
		};
		6EAF1B3A1EB5292D00C72BF5 /* ControllerTransitions */ = {
			isa = PBXGroup;
			children = (
				6EAF1B3B1EB5297C00C72BF5 /* SlidePresentAnimationController.swift */,
			);
			path = ControllerTransitions;
			sourceTree = "<group>";
		};
		6EBD408B1E60ABB100661CA6 /* AppCoordinator */ = {
			isa = PBXGroup;
			children = (
				6EAF1B381EB5244C00C72BF5 /* InitialCoordinator.swift */,
				6EBD408C1E60ABF700661CA6 /* AuthenticationCoordinators.swift */,
				6E5C9B341E67CDBC00532B4B /* TasksCoordinator.swift */,
				6E3B8A791EB4CE1600EC932F /* SettingsCoordinator.swift */,
			);
			path = AppCoordinator;
			sourceTree = "<group>";
		};
		6EBD40901E60BD4200661CA6 /* Authentication */ = {
			isa = PBXGroup;
			children = (
				6EEF39981E61A0BA00D1C988 /* AuthenticationController.swift */,
			);
			path = Authentication;
			sourceTree = "<group>";
		};
		6ED3F4421E7DA3600003C1CC /* Tasks */ = {
			isa = PBXGroup;
			children = (
				6ED3F4441E7DA3D50003C1CC /* EditTaskController.swift */,
				6ED3F4451E7DA3D50003C1CC /* TasksController.swift */,
			);
			path = Tasks;
			sourceTree = "<group>";
		};
		6EE247D31DF211CF001A6F39 /* Controllers */ = {
			isa = PBXGroup;
			children = (
				6ED3F4421E7DA3600003C1CC /* Tasks */,
				6EBD40901E60BD4200661CA6 /* Authentication */,
				6E3B8A751EB4CD9500EC932F /* SettingsController.swift */,
				6E7AAA4F1EB4DB8800F2ACC3 /* GenericNavigationController.swift */,
				6E8A9E8C1EE7AD5800F2FA1F /* FrameworksController.swift */,
			);
			path = Controllers;
			sourceTree = "<group>";
		};
/* End PBXGroup section */

/* Begin PBXNativeTarget section */
		6E15D0171DF0A45900B4CCA7 /* Aika */ = {
			isa = PBXNativeTarget;
			buildConfigurationList = 6E15D0401DF0A45A00B4CCA7 /* Build configuration list for PBXNativeTarget "Aika" */;
			buildPhases = (
				6E15D0141DF0A45900B4CCA7 /* Sources */,
				6E15D0151DF0A45900B4CCA7 /* Frameworks */,
				6E15D0161DF0A45900B4CCA7 /* Resources */,
				6EE247D61DF21216001A6F39 /* Copy carthage frameworks */,
				6E40B9D01EC60CE200411F69 /* Embed App Extensions */,
			);
			buildRules = (
			);
			dependencies = (
				6E40B9CB1EC60CE200411F69 /* PBXTargetDependency */,
			);
			name = Aika;
			productName = SimpleToDo;
			productReference = 6E15D0181DF0A45A00B4CCA7 /* Aika.app */;
			productType = "com.apple.product-type.application";
		};
		6E15D02B1DF0A45A00B4CCA7 /* AikaTests */ = {
			isa = PBXNativeTarget;
			buildConfigurationList = 6E15D0431DF0A45A00B4CCA7 /* Build configuration list for PBXNativeTarget "AikaTests" */;
			buildPhases = (
				6E15D0281DF0A45A00B4CCA7 /* Sources */,
				6E15D0291DF0A45A00B4CCA7 /* Frameworks */,
				6E15D02A1DF0A45A00B4CCA7 /* Resources */,
			);
			buildRules = (
			);
			dependencies = (
				6E15D02E1DF0A45A00B4CCA7 /* PBXTargetDependency */,
			);
			name = AikaTests;
			productName = SimpleToDoTests;
			productReference = 6E15D02C1DF0A45A00B4CCA7 /* AikaTests.xctest */;
			productType = "com.apple.product-type.bundle.unit-test";
		};
		6E15D0361DF0A45A00B4CCA7 /* AikaUITests */ = {
			isa = PBXNativeTarget;
			buildConfigurationList = 6E15D0461DF0A45A00B4CCA7 /* Build configuration list for PBXNativeTarget "AikaUITests" */;
			buildPhases = (
				6E15D0331DF0A45A00B4CCA7 /* Sources */,
				6E15D0341DF0A45A00B4CCA7 /* Frameworks */,
				6E15D0351DF0A45A00B4CCA7 /* Resources */,
			);
			buildRules = (
			);
			dependencies = (
				6E15D0391DF0A45A00B4CCA7 /* PBXTargetDependency */,
			);
			name = AikaUITests;
			productName = SimpleToDoUITests;
			productReference = 6E15D0371DF0A45A00B4CCA7 /* AikaUITests.xctest */;
			productType = "com.apple.product-type.bundle.ui-testing";
		};
		6E40B9C41EC60CE100411F69 /* NotificationServiceExtension */ = {
			isa = PBXNativeTarget;
			buildConfigurationList = 6E40B9CF1EC60CE200411F69 /* Build configuration list for PBXNativeTarget "NotificationServiceExtension" */;
			buildPhases = (
				6E40B9C11EC60CE100411F69 /* Sources */,
				6E40B9C21EC60CE100411F69 /* Frameworks */,
				6E40B9C31EC60CE100411F69 /* Resources */,
			);
			buildRules = (
			);
			dependencies = (
			);
			name = NotificationServiceExtension;
			productName = NotificationServiceExtension;
			productReference = 6E40B9C51EC60CE100411F69 /* NotificationServiceExtension.appex */;
			productType = "com.apple.product-type.app-extension";
		};
/* End PBXNativeTarget section */

/* Begin PBXProject section */
		6E15D0101DF0A45900B4CCA7 /* Project object */ = {
			isa = PBXProject;
			attributes = {
				LastSwiftUpdateCheck = 0830;
				LastUpgradeCheck = 0820;
				ORGANIZATIONNAME = "Anton Efimenko";
				TargetAttributes = {
					6E15D0171DF0A45900B4CCA7 = {
						CreatedOnToolsVersion = 8.1;
						DevelopmentTeam = SJMSRXG797;
						LastSwiftMigration = 0820;
						ProvisioningStyle = Automatic;
						SystemCapabilities = {
							com.apple.BackgroundModes = {
								enabled = 1;
							};
							com.apple.Push = {
								enabled = 1;
							};
						};
					};
					6E15D02B1DF0A45A00B4CCA7 = {
						CreatedOnToolsVersion = 8.1;
						DevelopmentTeam = SJMSRXG797;
						ProvisioningStyle = Automatic;
						TestTargetID = 6E15D0171DF0A45900B4CCA7;
					};
					6E15D0361DF0A45A00B4CCA7 = {
						CreatedOnToolsVersion = 8.1;
						DevelopmentTeam = SJMSRXG797;
						ProvisioningStyle = Automatic;
						TestTargetID = 6E15D0171DF0A45900B4CCA7;
					};
					6E40B9C41EC60CE100411F69 = {
						CreatedOnToolsVersion = 8.3.2;
						DevelopmentTeam = SJMSRXG797;
						ProvisioningStyle = Automatic;
					};
				};
			};
			buildConfigurationList = 6E15D0131DF0A45900B4CCA7 /* Build configuration list for PBXProject "Aika" */;
			compatibilityVersion = "Xcode 3.2";
			developmentRegion = English;
			hasScannedForEncodings = 0;
			knownRegions = (
				en,
				Base,
			);
			mainGroup = 6E15D00F1DF0A45900B4CCA7;
			productRefGroup = 6E15D0191DF0A45A00B4CCA7 /* Products */;
			projectDirPath = "";
			projectRoot = "";
			targets = (
				6E15D0171DF0A45900B4CCA7 /* Aika */,
				6E15D02B1DF0A45A00B4CCA7 /* AikaTests */,
				6E15D0361DF0A45A00B4CCA7 /* AikaUITests */,
				6E40B9C41EC60CE100411F69 /* NotificationServiceExtension */,
			);
		};
/* End PBXProject section */

/* Begin PBXResourcesBuildPhase section */
		6E15D0161DF0A45900B4CCA7 /* Resources */ = {
			isa = PBXResourcesBuildPhase;
			buildActionMask = 2147483647;
			files = (
				6E15D0261DF0A45A00B4CCA7 /* LaunchScreen.storyboard in Resources */,
				6E15D0231DF0A45A00B4CCA7 /* Assets.xcassets in Resources */,
				6E07B8951EBDB9A700ADA5A8 /* Auth0.plist in Resources */,
			);
			runOnlyForDeploymentPostprocessing = 0;
		};
		6E15D02A1DF0A45A00B4CCA7 /* Resources */ = {
			isa = PBXResourcesBuildPhase;
			buildActionMask = 2147483647;
			files = (
			);
			runOnlyForDeploymentPostprocessing = 0;
		};
		6E15D0351DF0A45A00B4CCA7 /* Resources */ = {
			isa = PBXResourcesBuildPhase;
			buildActionMask = 2147483647;
			files = (
			);
			runOnlyForDeploymentPostprocessing = 0;
		};
		6E40B9C31EC60CE100411F69 /* Resources */ = {
			isa = PBXResourcesBuildPhase;
			buildActionMask = 2147483647;
			files = (
			);
			runOnlyForDeploymentPostprocessing = 0;
		};
/* End PBXResourcesBuildPhase section */

/* Begin PBXShellScriptBuildPhase section */
		6EE247D61DF21216001A6F39 /* Copy carthage frameworks */ = {
			isa = PBXShellScriptBuildPhase;
			buildActionMask = 2147483647;
			files = (
			);
			inputPaths = (
				"$(SRCROOT)/Carthage/Build/iOS/RxSwift.framework",
				"$(SRCROOT)/Carthage/Build/iOS/RxCocoa.framework",
				"$(SRCROOT)/Carthage/Build/iOS/RxDataFlow.framework",
				"$(SRCROOT)/Carthage/Build/iOS/RxHttpClient.framework",
				"$(SRCROOT)/Carthage/Build/iOS/SnapKit.framework",
				"$(SRCROOT)/Carthage/Build/iOS/Material.framework",
				"$(SRCROOT)/Carthage/Build/iOS/Unbox.framework",
				"$(SRCROOT)/Carthage/Build/iOS/RxDataSources.framework",
				"$(SRCROOT)/Carthage/Build/iOS/Wrap.framework",
				"$(SRCROOT)/Carthage/Build/iOS/RxGesture.framework",
				"$(SRCROOT)/Carthage/Build/iOS/OneSignal.framework",
				"$(SRCROOT)/Carthage/Build/iOS/Auth0.framework",
				"$(SRCROOT)/Carthage/Build/iOS/JWTDecode.framework",
				"$(SRCROOT)/Carthage/Build/iOS/Realm.framework",
				"$(SRCROOT)/Carthage/Build/iOS/RealmSwift.framework",
				"$(SRCROOT)/Carthage/Build/iOS/SimpleKeychain.framework",
			);
			name = "Copy carthage frameworks";
			outputPaths = (
			);
			runOnlyForDeploymentPostprocessing = 0;
			shellPath = /bin/sh;
			shellScript = "/usr/local/bin/carthage copy-frameworks";
		};
/* End PBXShellScriptBuildPhase section */

/* Begin PBXSourcesBuildPhase section */
		6E15D0141DF0A45900B4CCA7 /* Sources */ = {
			isa = PBXSourcesBuildPhase;
			buildActionMask = 2147483647;
			files = (
				6E3B8A7C1EB4D42600EC932F /* SettingsReducer.swift in Sources */,
				6EBD408D1E60ABF700661CA6 /* AuthenticationCoordinators.swift in Sources */,
				6E8A9E8F1EE7B02500F2FA1F /* FrameworksViewModel.swift in Sources */,
				6EA022C81E755A3600934BB7 /* RootReducer.swift in Sources */,
				6EAF1B391EB5244C00C72BF5 /* InitialCoordinator.swift in Sources */,
				6E8845CC1E24056000EA3C2A /* TaskActionView.swift in Sources */,
				6ED0A20A1E79835E00B59B52 /* EditTaskViewModel.swift in Sources */,
				6EAACA2D1EB75F99004EB190 /* SwitchCell.swift in Sources */,
				6EAACA291EB7591D004EB190 /* DefaultCell.swift in Sources */,
				6E57521D1E05B24A002AA9B4 /* Extensions.swift in Sources */,
				6E3B8A761EB4CD9500EC932F /* SettingsController.swift in Sources */,
				6ED3F4411E7D9F6A0003C1CC /* Keychain.swift in Sources */,
				6EEF39991E61A0BA00D1C988 /* AuthenticationController.swift in Sources */,
				6E3B8A7A1EB4CE1600EC932F /* SettingsCoordinator.swift in Sources */,
				6E8A9E8D1EE7AD5800F2FA1F /* FrameworksController.swift in Sources */,
				6EA0B4811EC1D25E005BA709 /* Repository.swift in Sources */,
				6EEF399E1E61B5C700D1C988 /* AuthenticationViewModel.swift in Sources */,
				6E5752161E05AD06002AA9B4 /* Entities.swift in Sources */,
				6E8AD5BB1EACEF9000B0AF2D /* PushNotificationsReducer.swift in Sources */,
				6ED3F4481E7DA3D50003C1CC /* TasksController.swift in Sources */,
				6E16914C1E61F63A004EE586 /* Actions.swift in Sources */,
				6E5FD9B61E59FA0C002C71F2 /* TasksViewModel.swift in Sources */,
				6EF799631EC73E6100C9DFF0 /* ViewModelType.swift in Sources */,
				6E06455A1E993EB600A8AA59 /* SwitchView.swift in Sources */,
				6E07ED2C1EC3636A00154DF4 /* SynchronizationReducer.swift in Sources */,
				6E05D0041E881F0B00C293B8 /* WebService.swift in Sources */,
				6EAF1B3C1EB5297C00C72BF5 /* SlidePresentAnimationController.swift in Sources */,
				6EA0B4831EC20801005BA709 /* SynchronizationService.swift in Sources */,
				6E3B8A781EB4CDC500EC932F /* SettingsViewModel.swift in Sources */,
				6EB36A7A1E1ED9CA006B5239 /* TaskCell.swift in Sources */,
				6EC7AC371E9A37EF005CDF5F /* DatePickerView.swift in Sources */,
				6E15D01C1DF0A45A00B4CCA7 /* AppDelegate.swift in Sources */,
				6E86F4FC1EE3028500102AC3 /* TasksTableBackground.swift in Sources */,
				6ED3F4471E7DA3D50003C1CC /* EditTaskController.swift in Sources */,
				6E6422DA1E180E1B00FAFFFB /* TableSections.swift in Sources */,
				6EA022CA1E755A5700934BB7 /* AuthenticationReducer.swift in Sources */,
				6E2BAE911ECE28170030C2C0 /* SystemReducer.swift in Sources */,
				6E96B07B1EBAE69B0096ACFE /* ActivityView.swift in Sources */,
				6E96B07F1EBC361A0096ACFE /* SnackView.swift in Sources */,
				6EA7B4211E06A3940043BAA1 /* State.swift in Sources */,
				6E7AAA501EB4DB8800F2ACC3 /* GenericNavigationController.swift in Sources */,
				6E5C9B351E67CDBC00532B4B /* TasksCoordinator.swift in Sources */,
				6EC7AC391E9A3C6B005CDF5F /* TargetDateView.swift in Sources */,
				6EA9C6301E2A9EFF0016C1C4 /* Theme.swift in Sources */,
				6E0645581E990D1500A8AA59 /* TextViewCell.swift in Sources */,
				6E07B8971EBDBC9800ADA5A8 /* AuthenticationService.swift in Sources */,
			);
			runOnlyForDeploymentPostprocessing = 0;
		};
		6E15D0281DF0A45A00B4CCA7 /* Sources */ = {
			isa = PBXSourcesBuildPhase;
			buildActionMask = 2147483647;
			files = (
				6E15D0311DF0A45A00B4CCA7 /* SimpleToDoTests.swift in Sources */,
			);
			runOnlyForDeploymentPostprocessing = 0;
		};
		6E15D0331DF0A45A00B4CCA7 /* Sources */ = {
			isa = PBXSourcesBuildPhase;
			buildActionMask = 2147483647;
			files = (
				6E15D03C1DF0A45A00B4CCA7 /* SimpleToDoUITests.swift in Sources */,
			);
			runOnlyForDeploymentPostprocessing = 0;
		};
		6E40B9C11EC60CE100411F69 /* Sources */ = {
			isa = PBXSourcesBuildPhase;
			buildActionMask = 2147483647;
			files = (
				6E40B9C81EC60CE100411F69 /* NotificationService.swift in Sources */,
			);
			runOnlyForDeploymentPostprocessing = 0;
		};
/* End PBXSourcesBuildPhase section */

/* Begin PBXTargetDependency section */
		6E15D02E1DF0A45A00B4CCA7 /* PBXTargetDependency */ = {
			isa = PBXTargetDependency;
			target = 6E15D0171DF0A45900B4CCA7 /* Aika */;
			targetProxy = 6E15D02D1DF0A45A00B4CCA7 /* PBXContainerItemProxy */;
		};
		6E15D0391DF0A45A00B4CCA7 /* PBXTargetDependency */ = {
			isa = PBXTargetDependency;
			target = 6E15D0171DF0A45900B4CCA7 /* Aika */;
			targetProxy = 6E15D0381DF0A45A00B4CCA7 /* PBXContainerItemProxy */;
		};
		6E40B9CB1EC60CE200411F69 /* PBXTargetDependency */ = {
			isa = PBXTargetDependency;
			target = 6E40B9C41EC60CE100411F69 /* NotificationServiceExtension */;
			targetProxy = 6E40B9CA1EC60CE200411F69 /* PBXContainerItemProxy */;
		};
/* End PBXTargetDependency section */

/* Begin PBXVariantGroup section */
		6E15D0241DF0A45A00B4CCA7 /* LaunchScreen.storyboard */ = {
			isa = PBXVariantGroup;
			children = (
				6E15D0251DF0A45A00B4CCA7 /* Base */,
			);
			name = LaunchScreen.storyboard;
			sourceTree = "<group>";
		};
/* End PBXVariantGroup section */

/* Begin XCBuildConfiguration section */
		6E15D03E1DF0A45A00B4CCA7 /* Debug */ = {
			isa = XCBuildConfiguration;
			buildSettings = {
				ALWAYS_SEARCH_USER_PATHS = NO;
				CLANG_ANALYZER_NONNULL = YES;
				CLANG_CXX_LANGUAGE_STANDARD = "gnu++0x";
				CLANG_CXX_LIBRARY = "libc++";
				CLANG_ENABLE_MODULES = YES;
				CLANG_ENABLE_OBJC_ARC = YES;
				CLANG_WARN_BOOL_CONVERSION = YES;
				CLANG_WARN_CONSTANT_CONVERSION = YES;
				CLANG_WARN_DIRECT_OBJC_ISA_USAGE = YES_ERROR;
				CLANG_WARN_DOCUMENTATION_COMMENTS = YES;
				CLANG_WARN_EMPTY_BODY = YES;
				CLANG_WARN_ENUM_CONVERSION = YES;
				CLANG_WARN_INFINITE_RECURSION = YES;
				CLANG_WARN_INT_CONVERSION = YES;
				CLANG_WARN_OBJC_ROOT_CLASS = YES_ERROR;
				CLANG_WARN_SUSPICIOUS_MOVE = YES;
				CLANG_WARN_SUSPICIOUS_MOVES = YES;
				CLANG_WARN_UNREACHABLE_CODE = YES;
				CLANG_WARN__DUPLICATE_METHOD_MATCH = YES;
				"CODE_SIGN_IDENTITY[sdk=iphoneos*]" = "iPhone Developer";
				COPY_PHASE_STRIP = NO;
				CURRENT_PROJECT_VERSION = 18;
				DEBUG_INFORMATION_FORMAT = dwarf;
				ENABLE_STRICT_OBJC_MSGSEND = YES;
				ENABLE_TESTABILITY = YES;
				GCC_C_LANGUAGE_STANDARD = gnu99;
				GCC_DYNAMIC_NO_PIC = NO;
				GCC_NO_COMMON_BLOCKS = YES;
				GCC_OPTIMIZATION_LEVEL = 0;
				GCC_PREPROCESSOR_DEFINITIONS = (
					"DEBUG=1",
					"$(inherited)",
				);
				GCC_WARN_64_TO_32_BIT_CONVERSION = YES;
				GCC_WARN_ABOUT_RETURN_TYPE = YES_ERROR;
				GCC_WARN_UNDECLARED_SELECTOR = YES;
				GCC_WARN_UNINITIALIZED_AUTOS = YES_AGGRESSIVE;
				GCC_WARN_UNUSED_FUNCTION = YES;
				GCC_WARN_UNUSED_VARIABLE = YES;
				IPHONEOS_DEPLOYMENT_TARGET = 10.1;
				MTL_ENABLE_DEBUG_INFO = YES;
				ONLY_ACTIVE_ARCH = YES;
				SDKROOT = iphoneos;
				SWIFT_ACTIVE_COMPILATION_CONDITIONS = DEBUG;
				SWIFT_OPTIMIZATION_LEVEL = "-Onone";
				VERSIONING_SYSTEM = "apple-generic";
			};
			name = Debug;
		};
		6E15D03F1DF0A45A00B4CCA7 /* Release */ = {
			isa = XCBuildConfiguration;
			buildSettings = {
				ALWAYS_SEARCH_USER_PATHS = NO;
				CLANG_ANALYZER_NONNULL = YES;
				CLANG_CXX_LANGUAGE_STANDARD = "gnu++0x";
				CLANG_CXX_LIBRARY = "libc++";
				CLANG_ENABLE_MODULES = YES;
				CLANG_ENABLE_OBJC_ARC = YES;
				CLANG_WARN_BOOL_CONVERSION = YES;
				CLANG_WARN_CONSTANT_CONVERSION = YES;
				CLANG_WARN_DIRECT_OBJC_ISA_USAGE = YES_ERROR;
				CLANG_WARN_DOCUMENTATION_COMMENTS = YES;
				CLANG_WARN_EMPTY_BODY = YES;
				CLANG_WARN_ENUM_CONVERSION = YES;
				CLANG_WARN_INFINITE_RECURSION = YES;
				CLANG_WARN_INT_CONVERSION = YES;
				CLANG_WARN_OBJC_ROOT_CLASS = YES_ERROR;
				CLANG_WARN_SUSPICIOUS_MOVE = YES;
				CLANG_WARN_SUSPICIOUS_MOVES = YES;
				CLANG_WARN_UNREACHABLE_CODE = YES;
				CLANG_WARN__DUPLICATE_METHOD_MATCH = YES;
				"CODE_SIGN_IDENTITY[sdk=iphoneos*]" = "iPhone Developer";
				COPY_PHASE_STRIP = NO;
				CURRENT_PROJECT_VERSION = 18;
				DEBUG_INFORMATION_FORMAT = "dwarf-with-dsym";
				ENABLE_NS_ASSERTIONS = NO;
				ENABLE_STRICT_OBJC_MSGSEND = YES;
				GCC_C_LANGUAGE_STANDARD = gnu99;
				GCC_NO_COMMON_BLOCKS = YES;
				GCC_WARN_64_TO_32_BIT_CONVERSION = YES;
				GCC_WARN_ABOUT_RETURN_TYPE = YES_ERROR;
				GCC_WARN_UNDECLARED_SELECTOR = YES;
				GCC_WARN_UNINITIALIZED_AUTOS = YES_AGGRESSIVE;
				GCC_WARN_UNUSED_FUNCTION = YES;
				GCC_WARN_UNUSED_VARIABLE = YES;
				IPHONEOS_DEPLOYMENT_TARGET = 10.1;
				MTL_ENABLE_DEBUG_INFO = NO;
				SDKROOT = iphoneos;
				SWIFT_OPTIMIZATION_LEVEL = "-Owholemodule";
				VALIDATE_PRODUCT = YES;
				VERSIONING_SYSTEM = "apple-generic";
			};
			name = Release;
		};
		6E15D0411DF0A45A00B4CCA7 /* Debug */ = {
			isa = XCBuildConfiguration;
			buildSettings = {
				ALWAYS_EMBED_SWIFT_STANDARD_LIBRARIES = YES;
				ASSETCATALOG_COMPILER_APPICON_NAME = AppIcon;
				CLANG_ENABLE_MODULES = YES;
				CODE_SIGN_ENTITLEMENTS = Aika.entitlements;
				"CODE_SIGN_IDENTITY[sdk=iphoneos*]" = "iPhone Developer";
				DEVELOPMENT_TEAM = SJMSRXG797;
				FRAMEWORK_SEARCH_PATHS = (
					"$(inherited)",
					"$(PROJECT_DIR)/Carthage/Build/iOS",
					"$(PROJECT_DIR)",
					"$(PROJECT_DIR)/Carthage",
				);
				INFOPLIST_FILE = "$(SRCROOT)/Aika/Info.plist";
				IPHONEOS_DEPLOYMENT_TARGET = 10.0;
				LD_RUNPATH_SEARCH_PATHS = "$(inherited) @executable_path/Frameworks";
				OTHER_LDFLAGS = "$(OTHER_LDFLAGS)";
				PRODUCT_BUNDLE_IDENTIFIER = com.AntonEfimenko.Aika;
				PRODUCT_NAME = "$(TARGET_NAME)";
				PROVISIONING_PROFILE = "";
				PROVISIONING_PROFILE_SPECIFIER = "";
				SWIFT_OBJC_BRIDGING_HEADER = "";
				SWIFT_OPTIMIZATION_LEVEL = "-Onone";
				SWIFT_VERSION = 3.0;
				TARGETED_DEVICE_FAMILY = "1,2";
			};
			name = Debug;
		};
		6E15D0421DF0A45A00B4CCA7 /* Release */ = {
			isa = XCBuildConfiguration;
			buildSettings = {
				ALWAYS_EMBED_SWIFT_STANDARD_LIBRARIES = YES;
				ASSETCATALOG_COMPILER_APPICON_NAME = AppIcon;
				CLANG_ENABLE_MODULES = YES;
				CODE_SIGN_ENTITLEMENTS = Aika.entitlements;
				"CODE_SIGN_IDENTITY[sdk=iphoneos*]" = "iPhone Developer";
				DEVELOPMENT_TEAM = SJMSRXG797;
				FRAMEWORK_SEARCH_PATHS = (
					"$(inherited)",
					"$(PROJECT_DIR)/Carthage/Build/iOS",
					"$(PROJECT_DIR)",
					"$(PROJECT_DIR)/Carthage",
				);
				INFOPLIST_FILE = "$(SRCROOT)/Aika/Info.plist";
				IPHONEOS_DEPLOYMENT_TARGET = 10.0;
				LD_RUNPATH_SEARCH_PATHS = "$(inherited) @executable_path/Frameworks";
				OTHER_LDFLAGS = "$(OTHER_LDFLAGS)";
				PRODUCT_BUNDLE_IDENTIFIER = com.AntonEfimenko.Aika;
				PRODUCT_NAME = "$(TARGET_NAME)";
				PROVISIONING_PROFILE = "";
				PROVISIONING_PROFILE_SPECIFIER = "";
				SWIFT_OBJC_BRIDGING_HEADER = "";
				SWIFT_VERSION = 3.0;
				TARGETED_DEVICE_FAMILY = "1,2";
			};
			name = Release;
		};
		6E15D0441DF0A45A00B4CCA7 /* Debug */ = {
			isa = XCBuildConfiguration;
			buildSettings = {
				ALWAYS_EMBED_SWIFT_STANDARD_LIBRARIES = YES;
				BUNDLE_LOADER = "$(TEST_HOST)";
				DEVELOPMENT_TEAM = SJMSRXG797;
				INFOPLIST_FILE = SimpleToDoTests/Info.plist;
				LD_RUNPATH_SEARCH_PATHS = "$(inherited) @executable_path/Frameworks @loader_path/Frameworks";
				PRODUCT_BUNDLE_IDENTIFIER = com.AntonEfimenko.SimpleToDoTests;
				PRODUCT_NAME = "$(TARGET_NAME)";
				SWIFT_VERSION = 3.0;
				TEST_HOST = "$(BUILT_PRODUCTS_DIR)/Aika.app/Aika";
			};
			name = Debug;
		};
		6E15D0451DF0A45A00B4CCA7 /* Release */ = {
			isa = XCBuildConfiguration;
			buildSettings = {
				ALWAYS_EMBED_SWIFT_STANDARD_LIBRARIES = YES;
				BUNDLE_LOADER = "$(TEST_HOST)";
				DEVELOPMENT_TEAM = SJMSRXG797;
				INFOPLIST_FILE = SimpleToDoTests/Info.plist;
				LD_RUNPATH_SEARCH_PATHS = "$(inherited) @executable_path/Frameworks @loader_path/Frameworks";
				PRODUCT_BUNDLE_IDENTIFIER = com.AntonEfimenko.SimpleToDoTests;
				PRODUCT_NAME = "$(TARGET_NAME)";
				SWIFT_VERSION = 3.0;
				TEST_HOST = "$(BUILT_PRODUCTS_DIR)/Aika.app/Aika";
			};
			name = Release;
		};
		6E15D0471DF0A45A00B4CCA7 /* Debug */ = {
			isa = XCBuildConfiguration;
			buildSettings = {
				ALWAYS_EMBED_SWIFT_STANDARD_LIBRARIES = YES;
				DEVELOPMENT_TEAM = SJMSRXG797;
				INFOPLIST_FILE = SimpleToDoUITests/Info.plist;
				LD_RUNPATH_SEARCH_PATHS = "$(inherited) @executable_path/Frameworks @loader_path/Frameworks";
				PRODUCT_BUNDLE_IDENTIFIER = com.AntonEfimenko.SimpleToDoUITests;
				PRODUCT_NAME = "$(TARGET_NAME)";
				SWIFT_VERSION = 3.0;
				TEST_TARGET_NAME = SimpleToDo;
			};
			name = Debug;
		};
		6E15D0481DF0A45A00B4CCA7 /* Release */ = {
			isa = XCBuildConfiguration;
			buildSettings = {
				ALWAYS_EMBED_SWIFT_STANDARD_LIBRARIES = YES;
				DEVELOPMENT_TEAM = SJMSRXG797;
				INFOPLIST_FILE = SimpleToDoUITests/Info.plist;
				LD_RUNPATH_SEARCH_PATHS = "$(inherited) @executable_path/Frameworks @loader_path/Frameworks";
				PRODUCT_BUNDLE_IDENTIFIER = com.AntonEfimenko.SimpleToDoUITests;
				PRODUCT_NAME = "$(TARGET_NAME)";
				SWIFT_VERSION = 3.0;
				TEST_TARGET_NAME = SimpleToDo;
			};
			name = Release;
		};
		6E40B9CD1EC60CE200411F69 /* Debug */ = {
			isa = XCBuildConfiguration;
			buildSettings = {
				APPLICATION_EXTENSION_API_ONLY = NO;
				CLANG_ANALYZER_NUMBER_OBJECT_CONVERSION = YES_AGGRESSIVE;
				DEVELOPMENT_TEAM = SJMSRXG797;
				FRAMEWORK_SEARCH_PATHS = (
					"$(inherited)",
					"$(PROJECT_DIR)/Carthage/Build/iOS",
				);
				INFOPLIST_FILE = NotificationServiceExtension/Info.plist;
				IPHONEOS_DEPLOYMENT_TARGET = 10.3;
				LD_RUNPATH_SEARCH_PATHS = "$(inherited) @executable_path/Frameworks @executable_path/../../Frameworks";
				PRODUCT_BUNDLE_IDENTIFIER = com.AntonEfimenko.Aika.NotificationServiceExtension;
				PRODUCT_NAME = "$(TARGET_NAME)";
				SKIP_INSTALL = YES;
				SWIFT_VERSION = 3.0;
			};
			name = Debug;
		};
		6E40B9CE1EC60CE200411F69 /* Release */ = {
			isa = XCBuildConfiguration;
			buildSettings = {
				APPLICATION_EXTENSION_API_ONLY = NO;
				CLANG_ANALYZER_NUMBER_OBJECT_CONVERSION = YES_AGGRESSIVE;
				DEVELOPMENT_TEAM = SJMSRXG797;
				FRAMEWORK_SEARCH_PATHS = (
					"$(inherited)",
					"$(PROJECT_DIR)/Carthage/Build/iOS",
				);
				INFOPLIST_FILE = NotificationServiceExtension/Info.plist;
				IPHONEOS_DEPLOYMENT_TARGET = 10.3;
				LD_RUNPATH_SEARCH_PATHS = "$(inherited) @executable_path/Frameworks @executable_path/../../Frameworks";
				PRODUCT_BUNDLE_IDENTIFIER = com.AntonEfimenko.Aika.NotificationServiceExtension;
				PRODUCT_NAME = "$(TARGET_NAME)";
				SKIP_INSTALL = YES;
				SWIFT_VERSION = 3.0;
			};
			name = Release;
		};
/* End XCBuildConfiguration section */

/* Begin XCConfigurationList section */
		6E15D0131DF0A45900B4CCA7 /* Build configuration list for PBXProject "Aika" */ = {
			isa = XCConfigurationList;
			buildConfigurations = (
				6E15D03E1DF0A45A00B4CCA7 /* Debug */,
				6E15D03F1DF0A45A00B4CCA7 /* Release */,
			);
			defaultConfigurationIsVisible = 0;
			defaultConfigurationName = Release;
		};
		6E15D0401DF0A45A00B4CCA7 /* Build configuration list for PBXNativeTarget "Aika" */ = {
			isa = XCConfigurationList;
			buildConfigurations = (
				6E15D0411DF0A45A00B4CCA7 /* Debug */,
				6E15D0421DF0A45A00B4CCA7 /* Release */,
			);
			defaultConfigurationIsVisible = 0;
			defaultConfigurationName = Release;
		};
		6E15D0431DF0A45A00B4CCA7 /* Build configuration list for PBXNativeTarget "AikaTests" */ = {
			isa = XCConfigurationList;
			buildConfigurations = (
				6E15D0441DF0A45A00B4CCA7 /* Debug */,
				6E15D0451DF0A45A00B4CCA7 /* Release */,
			);
			defaultConfigurationIsVisible = 0;
			defaultConfigurationName = Release;
		};
		6E15D0461DF0A45A00B4CCA7 /* Build configuration list for PBXNativeTarget "AikaUITests" */ = {
			isa = XCConfigurationList;
			buildConfigurations = (
				6E15D0471DF0A45A00B4CCA7 /* Debug */,
				6E15D0481DF0A45A00B4CCA7 /* Release */,
			);
			defaultConfigurationIsVisible = 0;
			defaultConfigurationName = Release;
		};
		6E40B9CF1EC60CE200411F69 /* Build configuration list for PBXNativeTarget "NotificationServiceExtension" */ = {
			isa = XCConfigurationList;
			buildConfigurations = (
				6E40B9CD1EC60CE200411F69 /* Debug */,
				6E40B9CE1EC60CE200411F69 /* Release */,
			);
			defaultConfigurationIsVisible = 0;
			defaultConfigurationName = Release;
		};
/* End XCConfigurationList section */
	};
	rootObject = 6E15D0101DF0A45900B4CCA7 /* Project object */;
}
