// !$*UTF8*$!
{
	archiveVersion = 1;
	classes = {
	};
	objectVersion = 46;
	objects = {

/* Begin PBXBuildFile section */
		6E15D01C1DF0A45A00B4CCA7 /* AppDelegate.swift in Sources */ = {isa = PBXBuildFile; fileRef = 6E15D01B1DF0A45A00B4CCA7 /* AppDelegate.swift */; };
		6E15D0231DF0A45A00B4CCA7 /* Assets.xcassets in Resources */ = {isa = PBXBuildFile; fileRef = 6E15D0221DF0A45A00B4CCA7 /* Assets.xcassets */; };
		6E15D0261DF0A45A00B4CCA7 /* LaunchScreen.storyboard in Resources */ = {isa = PBXBuildFile; fileRef = 6E15D0241DF0A45A00B4CCA7 /* LaunchScreen.storyboard */; };
		6E15D0311DF0A45A00B4CCA7 /* SimpleToDoTests.swift in Sources */ = {isa = PBXBuildFile; fileRef = 6E15D0301DF0A45A00B4CCA7 /* SimpleToDoTests.swift */; };
		6E15D03C1DF0A45A00B4CCA7 /* SimpleToDoUITests.swift in Sources */ = {isa = PBXBuildFile; fileRef = 6E15D03B1DF0A45A00B4CCA7 /* SimpleToDoUITests.swift */; };
		6E15D0651DF0B62D00B4CCA7 /* SnapKit.framework in Frameworks */ = {isa = PBXBuildFile; fileRef = 6E15D0641DF0B62D00B4CCA7 /* SnapKit.framework */; };
		6E2E11DB1E2EA8BA00DF4A26 /* AMScrollingNavbar.framework in Frameworks */ = {isa = PBXBuildFile; fileRef = 6E2E11DA1E2EA8BA00DF4A26 /* AMScrollingNavbar.framework */; };
		6E4714D41E1ABD4300A1688C /* LogicActions.swift in Sources */ = {isa = PBXBuildFile; fileRef = 6E4714D31E1ABD4300A1688C /* LogicActions.swift */; };
		6E4714D61E1ABDFC00A1688C /* UIActions.swift in Sources */ = {isa = PBXBuildFile; fileRef = 6E4714D51E1ABDFC00A1688C /* UIActions.swift */; };
		6E5752161E05AD06002AA9B4 /* Entities.swift in Sources */ = {isa = PBXBuildFile; fileRef = 6E5752151E05AD06002AA9B4 /* Entities.swift */; };
		6E57521A1E05AFC4002AA9B4 /* RxDataSources.framework in Frameworks */ = {isa = PBXBuildFile; fileRef = 6E5752181E05AFC4002AA9B4 /* RxDataSources.framework */; };
		6E57521B1E05AFC4002AA9B4 /* Unbox.framework in Frameworks */ = {isa = PBXBuildFile; fileRef = 6E5752191E05AFC4002AA9B4 /* Unbox.framework */; };
		6E57521D1E05B24A002AA9B4 /* Extensions.swift in Sources */ = {isa = PBXBuildFile; fileRef = 6E57521C1E05B24A002AA9B4 /* Extensions.swift */; };
		6E5872121E5BEDE70003D9D2 /* AddressBook.framework in Frameworks */ = {isa = PBXBuildFile; fileRef = 6E5872111E5BEDE70003D9D2 /* AddressBook.framework */; };
		6E5872141E5BEDF40003D9D2 /* libz.tbd in Frameworks */ = {isa = PBXBuildFile; fileRef = 6E5872131E5BEDF40003D9D2 /* libz.tbd */; };
		6E5872171E5BF4140003D9D2 /* GTMSessionFetcher.framework in Frameworks */ = {isa = PBXBuildFile; fileRef = 6E9AA3F21E540DA100BA8283 /* GTMSessionFetcher.framework */; };
		6E5872181E5BF4B80003D9D2 /* GoogleToolboxForMac.framework in Frameworks */ = {isa = PBXBuildFile; fileRef = 6E9AA3EC1E540D9100BA8283 /* GoogleToolboxForMac.framework */; };
		6E5FD9B61E59FA0C002C71F2 /* TasksViewModel.swift in Sources */ = {isa = PBXBuildFile; fileRef = 6E5FD9B51E59FA0C002C71F2 /* TasksViewModel.swift */; };
		6E6422DA1E180E1B00FAFFFB /* TableSections.swift in Sources */ = {isa = PBXBuildFile; fileRef = 6E6422D91E180E1B00FAFFFB /* TableSections.swift */; };
		6E651B951E562A0600A37DB2 /* EditTaskController.swift in Sources */ = {isa = PBXBuildFile; fileRef = 6E651B921E562A0600A37DB2 /* EditTaskController.swift */; };
		6E651B961E562A0600A37DB2 /* TasksController.swift in Sources */ = {isa = PBXBuildFile; fileRef = 6E651B931E562A0600A37DB2 /* TasksController.swift */; };
		6E651B971E562A0600A37DB2 /* MainController.swift in Sources */ = {isa = PBXBuildFile; fileRef = 6E651B941E562A0600A37DB2 /* MainController.swift */; };
		6E8845CC1E24056000EA3C2A /* TaskActionView.swift in Sources */ = {isa = PBXBuildFile; fileRef = 6E8845CB1E24056000EA3C2A /* TaskActionView.swift */; };
		6E9026E31E5AA55700851B4D /* SafariServices.framework in Frameworks */ = {isa = PBXBuildFile; fileRef = 6E9026E21E5AA55700851B4D /* SafariServices.framework */; };
		6E9026E51E5AA56400851B4D /* SystemConfiguration.framework in Frameworks */ = {isa = PBXBuildFile; fileRef = 6E9026E41E5AA56400851B4D /* SystemConfiguration.framework */; };
		6E9026EE1E5AA66F00851B4D /* FirebaseAuth.framework in Frameworks */ = {isa = PBXBuildFile; fileRef = 6E9AA3F11E540DA100BA8283 /* FirebaseAuth.framework */; };
		6E9026F11E5AA7FF00851B4D /* SignInController.swift in Sources */ = {isa = PBXBuildFile; fileRef = 6E9026F01E5AA7FF00851B4D /* SignInController.swift */; };
		6E9AA3ED1E540D9100BA8283 /* FirebaseAnalytics.framework in Frameworks */ = {isa = PBXBuildFile; fileRef = 6E9AA3E91E540D9100BA8283 /* FirebaseAnalytics.framework */; };
		6E9AA3EE1E540D9100BA8283 /* FirebaseCore.framework in Frameworks */ = {isa = PBXBuildFile; fileRef = 6E9AA3EA1E540D9100BA8283 /* FirebaseCore.framework */; };
		6E9AA3EF1E540D9100BA8283 /* FirebaseInstanceID.framework in Frameworks */ = {isa = PBXBuildFile; fileRef = 6E9AA3EB1E540D9100BA8283 /* FirebaseInstanceID.framework */; };
		6E9AA3FD1E54105900BA8283 /* GoogleService-Info.plist in Resources */ = {isa = PBXBuildFile; fileRef = 6E9AA3FC1E54105900BA8283 /* GoogleService-Info.plist */; };
		6EA7B4211E06A3940043BAA1 /* State.swift in Sources */ = {isa = PBXBuildFile; fileRef = 6EA7B4201E06A3940043BAA1 /* State.swift */; };
		6EA9C6301E2A9EFF0016C1C4 /* Theme.swift in Sources */ = {isa = PBXBuildFile; fileRef = 6EA9C62F1E2A9EFF0016C1C4 /* Theme.swift */; };
		6EA9C6321E2AA9B80016C1C4 /* RxGesture.framework in Frameworks */ = {isa = PBXBuildFile; fileRef = 6EA9C6311E2AA9B80016C1C4 /* RxGesture.framework */; };
		6EB36A7A1E1ED9CA006B5239 /* TaskCell.swift in Sources */ = {isa = PBXBuildFile; fileRef = 6EB36A791E1ED9CA006B5239 /* TaskCell.swift */; };
		6EBBD8B21E07153400C283D5 /* AppReducer.swift in Sources */ = {isa = PBXBuildFile; fileRef = 6EBBD8B11E07153400C283D5 /* AppReducer.swift */; };
		6EE247DF1DF21291001A6F39 /* Material.framework in Frameworks */ = {isa = PBXBuildFile; fileRef = 6EE247D71DF21291001A6F39 /* Material.framework */; };
		6EE247E21DF21291001A6F39 /* RxCocoa.framework in Frameworks */ = {isa = PBXBuildFile; fileRef = 6EE247DA1DF21291001A6F39 /* RxCocoa.framework */; };
		6EE247E31DF21291001A6F39 /* RxHttpClient.framework in Frameworks */ = {isa = PBXBuildFile; fileRef = 6EE247DB1DF21291001A6F39 /* RxHttpClient.framework */; };
		6EE247E41DF21291001A6F39 /* RxState.framework in Frameworks */ = {isa = PBXBuildFile; fileRef = 6EE247DC1DF21291001A6F39 /* RxState.framework */; };
		6EE247E51DF21291001A6F39 /* RxSwift.framework in Frameworks */ = {isa = PBXBuildFile; fileRef = 6EE247DD1DF21291001A6F39 /* RxSwift.framework */; };
		6EE91CAC1E1959430025A4BD /* Wrap.framework in Frameworks */ = {isa = PBXBuildFile; fileRef = 6EE91CAB1E1959430025A4BD /* Wrap.framework */; };
/* End PBXBuildFile section */

/* Begin PBXContainerItemProxy section */
		6E15D02D1DF0A45A00B4CCA7 /* PBXContainerItemProxy */ = {
			isa = PBXContainerItemProxy;
			containerPortal = 6E15D0101DF0A45900B4CCA7 /* Project object */;
			proxyType = 1;
			remoteGlobalIDString = 6E15D0171DF0A45900B4CCA7;
			remoteInfo = SimpleToDo;
		};
		6E15D0381DF0A45A00B4CCA7 /* PBXContainerItemProxy */ = {
			isa = PBXContainerItemProxy;
			containerPortal = 6E15D0101DF0A45900B4CCA7 /* Project object */;
			proxyType = 1;
			remoteGlobalIDString = 6E15D0171DF0A45900B4CCA7;
			remoteInfo = SimpleToDo;
		};
/* End PBXContainerItemProxy section */

/* Begin PBXFileReference section */
		6E15D0181DF0A45A00B4CCA7 /* SimpleToDo.app */ = {isa = PBXFileReference; explicitFileType = wrapper.application; includeInIndex = 0; path = SimpleToDo.app; sourceTree = BUILT_PRODUCTS_DIR; };
		6E15D01B1DF0A45A00B4CCA7 /* AppDelegate.swift */ = {isa = PBXFileReference; lastKnownFileType = sourcecode.swift; path = AppDelegate.swift; sourceTree = "<group>"; };
		6E15D0221DF0A45A00B4CCA7 /* Assets.xcassets */ = {isa = PBXFileReference; lastKnownFileType = folder.assetcatalog; path = Assets.xcassets; sourceTree = "<group>"; };
		6E15D0251DF0A45A00B4CCA7 /* Base */ = {isa = PBXFileReference; lastKnownFileType = file.storyboard; name = Base; path = Base.lproj/LaunchScreen.storyboard; sourceTree = "<group>"; };
		6E15D0271DF0A45A00B4CCA7 /* Info.plist */ = {isa = PBXFileReference; lastKnownFileType = text.plist.xml; path = Info.plist; sourceTree = "<group>"; };
		6E15D02C1DF0A45A00B4CCA7 /* SimpleToDoTests.xctest */ = {isa = PBXFileReference; explicitFileType = wrapper.cfbundle; includeInIndex = 0; path = SimpleToDoTests.xctest; sourceTree = BUILT_PRODUCTS_DIR; };
		6E15D0301DF0A45A00B4CCA7 /* SimpleToDoTests.swift */ = {isa = PBXFileReference; lastKnownFileType = sourcecode.swift; path = SimpleToDoTests.swift; sourceTree = "<group>"; };
		6E15D0321DF0A45A00B4CCA7 /* Info.plist */ = {isa = PBXFileReference; lastKnownFileType = text.plist.xml; path = Info.plist; sourceTree = "<group>"; };
		6E15D0371DF0A45A00B4CCA7 /* SimpleToDoUITests.xctest */ = {isa = PBXFileReference; explicitFileType = wrapper.cfbundle; includeInIndex = 0; path = SimpleToDoUITests.xctest; sourceTree = BUILT_PRODUCTS_DIR; };
		6E15D03B1DF0A45A00B4CCA7 /* SimpleToDoUITests.swift */ = {isa = PBXFileReference; lastKnownFileType = sourcecode.swift; path = SimpleToDoUITests.swift; sourceTree = "<group>"; };
		6E15D03D1DF0A45A00B4CCA7 /* Info.plist */ = {isa = PBXFileReference; lastKnownFileType = text.plist.xml; path = Info.plist; sourceTree = "<group>"; };
		6E15D0641DF0B62D00B4CCA7 /* SnapKit.framework */ = {isa = PBXFileReference; lastKnownFileType = wrapper.framework; name = SnapKit.framework; path = Carthage/Build/iOS/SnapKit.framework; sourceTree = "<group>"; };
		6E2E11DA1E2EA8BA00DF4A26 /* AMScrollingNavbar.framework */ = {isa = PBXFileReference; lastKnownFileType = wrapper.framework; name = AMScrollingNavbar.framework; path = Carthage/Build/iOS/AMScrollingNavbar.framework; sourceTree = "<group>"; };
		6E4714D31E1ABD4300A1688C /* LogicActions.swift */ = {isa = PBXFileReference; fileEncoding = 4; lastKnownFileType = sourcecode.swift; lineEnding = 0; path = LogicActions.swift; sourceTree = "<group>"; xcLanguageSpecificationIdentifier = xcode.lang.swift; };
		6E4714D51E1ABDFC00A1688C /* UIActions.swift */ = {isa = PBXFileReference; fileEncoding = 4; lastKnownFileType = sourcecode.swift; lineEnding = 0; path = UIActions.swift; sourceTree = "<group>"; xcLanguageSpecificationIdentifier = xcode.lang.swift; };
		6E5752151E05AD06002AA9B4 /* Entities.swift */ = {isa = PBXFileReference; fileEncoding = 4; lastKnownFileType = sourcecode.swift; path = Entities.swift; sourceTree = "<group>"; };
		6E5752181E05AFC4002AA9B4 /* RxDataSources.framework */ = {isa = PBXFileReference; lastKnownFileType = wrapper.framework; name = RxDataSources.framework; path = Carthage/Build/iOS/RxDataSources.framework; sourceTree = "<group>"; };
		6E5752191E05AFC4002AA9B4 /* Unbox.framework */ = {isa = PBXFileReference; lastKnownFileType = wrapper.framework; name = Unbox.framework; path = Carthage/Build/iOS/Unbox.framework; sourceTree = "<group>"; };
		6E57521C1E05B24A002AA9B4 /* Extensions.swift */ = {isa = PBXFileReference; fileEncoding = 4; lastKnownFileType = sourcecode.swift; path = Extensions.swift; sourceTree = "<group>"; };
		6E5872111E5BEDE70003D9D2 /* AddressBook.framework */ = {isa = PBXFileReference; lastKnownFileType = wrapper.framework; name = AddressBook.framework; path = System/Library/Frameworks/AddressBook.framework; sourceTree = SDKROOT; };
		6E5872131E5BEDF40003D9D2 /* libz.tbd */ = {isa = PBXFileReference; lastKnownFileType = "sourcecode.text-based-dylib-definition"; name = libz.tbd; path = usr/lib/libz.tbd; sourceTree = SDKROOT; };
		6E58721A1E5BF53C0003D9D2 /* GTMOAuth2.framework */ = {isa = PBXFileReference; lastKnownFileType = wrapper.framework; name = GTMOAuth2.framework; path = Carthage/Firebase/Invites/GTMOAuth2.framework; sourceTree = "<group>"; };
		6E58721C1E5BF5990003D9D2 /* GoogleSignIn.framework */ = {isa = PBXFileReference; lastKnownFileType = wrapper.framework; name = GoogleSignIn.framework; path = Carthage/Firebase/Invites/GoogleSignIn.framework; sourceTree = "<group>"; };
		6E58721E1E5BF5B60003D9D2 /* Protobuf.framework */ = {isa = PBXFileReference; lastKnownFileType = wrapper.framework; name = Protobuf.framework; path = Carthage/Firebase/Invites/Protobuf.framework; sourceTree = "<group>"; };
		6E58721F1E5BF5B60003D9D2 /* FirebaseDynamicLinks.framework */ = {isa = PBXFileReference; lastKnownFileType = wrapper.framework; name = FirebaseDynamicLinks.framework; path = Carthage/Firebase/Invites/FirebaseDynamicLinks.framework; sourceTree = "<group>"; };
		6E5872201E5BF5B60003D9D2 /* FirebaseInvites.framework */ = {isa = PBXFileReference; lastKnownFileType = wrapper.framework; name = FirebaseInvites.framework; path = Carthage/Firebase/Invites/FirebaseInvites.framework; sourceTree = "<group>"; };
		6E5872211E5BF5B60003D9D2 /* GoogleAPIClientForREST.framework */ = {isa = PBXFileReference; lastKnownFileType = wrapper.framework; name = GoogleAPIClientForREST.framework; path = Carthage/Firebase/Invites/GoogleAPIClientForREST.framework; sourceTree = "<group>"; };
		6E5872261E5BF6920003D9D2 /* GINInviteResources */ = {isa = PBXFileReference; lastKnownFileType = folder; name = GINInviteResources; path = Carthage/Firebase/Invites/Resources/GINInviteResources; sourceTree = "<group>"; };
		6E5872281E5BF6B20003D9D2 /* GoogleSignIn.bundle */ = {isa = PBXFileReference; lastKnownFileType = "wrapper.plug-in"; name = GoogleSignIn.bundle; path = Carthage/Firebase/Invites/Resources/GoogleSignIn.bundle; sourceTree = "<group>"; };
		6E5872291E5BF6B20003D9D2 /* GINInviteResources.bundle */ = {isa = PBXFileReference; lastKnownFileType = "wrapper.plug-in"; name = GINInviteResources.bundle; path = Carthage/Firebase/Invites/Resources/GINInviteResources.bundle; sourceTree = "<group>"; };
		6E58722A1E5BF6B20003D9D2 /* GPPACLPickerResources.bundle */ = {isa = PBXFileReference; lastKnownFileType = "wrapper.plug-in"; name = GPPACLPickerResources.bundle; path = Carthage/Firebase/Invites/Resources/GPPACLPickerResources.bundle; sourceTree = "<group>"; };
		6E5FD9B51E59FA0C002C71F2 /* TasksViewModel.swift */ = {isa = PBXFileReference; fileEncoding = 4; lastKnownFileType = sourcecode.swift; path = TasksViewModel.swift; sourceTree = "<group>"; };
		6E6422D91E180E1B00FAFFFB /* TableSections.swift */ = {isa = PBXFileReference; fileEncoding = 4; lastKnownFileType = sourcecode.swift; path = TableSections.swift; sourceTree = "<group>"; };
		6E651B921E562A0600A37DB2 /* EditTaskController.swift */ = {isa = PBXFileReference; fileEncoding = 4; lastKnownFileType = sourcecode.swift; path = EditTaskController.swift; sourceTree = "<group>"; };
		6E651B931E562A0600A37DB2 /* TasksController.swift */ = {isa = PBXFileReference; fileEncoding = 4; lastKnownFileType = sourcecode.swift; path = TasksController.swift; sourceTree = "<group>"; };
		6E651B941E562A0600A37DB2 /* MainController.swift */ = {isa = PBXFileReference; fileEncoding = 4; lastKnownFileType = sourcecode.swift; path = MainController.swift; sourceTree = "<group>"; };
		6E8845CB1E24056000EA3C2A /* TaskActionView.swift */ = {isa = PBXFileReference; fileEncoding = 4; lastKnownFileType = sourcecode.swift; path = TaskActionView.swift; sourceTree = "<group>"; };
		6E9026E01E5AA47F00851B4D /* GoogleSignIn.framework */ = {isa = PBXFileReference; lastKnownFileType = wrapper.framework; name = GoogleSignIn.framework; path = Carthage/googlesignin/GoogleSignIn.framework; sourceTree = "<group>"; };
		6E9026E21E5AA55700851B4D /* SafariServices.framework */ = {isa = PBXFileReference; lastKnownFileType = wrapper.framework; name = SafariServices.framework; path = System/Library/Frameworks/SafariServices.framework; sourceTree = SDKROOT; };
		6E9026E41E5AA56400851B4D /* SystemConfiguration.framework */ = {isa = PBXFileReference; lastKnownFileType = wrapper.framework; name = SystemConfiguration.framework; path = System/Library/Frameworks/SystemConfiguration.framework; sourceTree = SDKROOT; };
		6E9026E61E5AA57E00851B4D /* GoogleSignInDependencies.framework */ = {isa = PBXFileReference; lastKnownFileType = wrapper.framework; name = GoogleSignInDependencies.framework; path = Carthage/googlesignin/GoogleSignInDependencies.framework; sourceTree = "<group>"; };
		6E9026E71E5AA57E00851B4D /* GoogleAppUtilities.framework */ = {isa = PBXFileReference; lastKnownFileType = wrapper.framework; name = GoogleAppUtilities.framework; path = Carthage/googlesignin/GoogleAppUtilities.framework; sourceTree = "<group>"; };
		6E9026E81E5AA57E00851B4D /* GoogleSymbolUtilities.framework */ = {isa = PBXFileReference; lastKnownFileType = wrapper.framework; name = GoogleSymbolUtilities.framework; path = Carthage/googlesignin/GoogleSymbolUtilities.framework; sourceTree = "<group>"; };
		6E9026F01E5AA7FF00851B4D /* SignInController.swift */ = {isa = PBXFileReference; fileEncoding = 4; lastKnownFileType = sourcecode.swift; path = SignInController.swift; sourceTree = "<group>"; };
		6E9AA3E91E540D9100BA8283 /* FirebaseAnalytics.framework */ = {isa = PBXFileReference; lastKnownFileType = wrapper.framework; name = FirebaseAnalytics.framework; path = Carthage/Firebase/Analytics/FirebaseAnalytics.framework; sourceTree = "<group>"; };
		6E9AA3EA1E540D9100BA8283 /* FirebaseCore.framework */ = {isa = PBXFileReference; lastKnownFileType = wrapper.framework; name = FirebaseCore.framework; path = Carthage/Firebase/Analytics/FirebaseCore.framework; sourceTree = "<group>"; };
		6E9AA3EB1E540D9100BA8283 /* FirebaseInstanceID.framework */ = {isa = PBXFileReference; lastKnownFileType = wrapper.framework; name = FirebaseInstanceID.framework; path = Carthage/Firebase/Analytics/FirebaseInstanceID.framework; sourceTree = "<group>"; };
		6E9AA3EC1E540D9100BA8283 /* GoogleToolboxForMac.framework */ = {isa = PBXFileReference; lastKnownFileType = wrapper.framework; name = GoogleToolboxForMac.framework; path = Carthage/Firebase/Analytics/GoogleToolboxForMac.framework; sourceTree = "<group>"; };
		6E9AA3F11E540DA100BA8283 /* FirebaseAuth.framework */ = {isa = PBXFileReference; lastKnownFileType = wrapper.framework; name = FirebaseAuth.framework; path = Carthage/Firebase/Auth/FirebaseAuth.framework; sourceTree = "<group>"; };
		6E9AA3F21E540DA100BA8283 /* GTMSessionFetcher.framework */ = {isa = PBXFileReference; lastKnownFileType = wrapper.framework; name = GTMSessionFetcher.framework; path = Carthage/Firebase/Auth/GTMSessionFetcher.framework; sourceTree = "<group>"; };
		6E9AA3F61E540EB500BA8283 /* SimpleToDo-Bridging-Header.h */ = {isa = PBXFileReference; lastKnownFileType = sourcecode.c.h; path = "SimpleToDo-Bridging-Header.h"; sourceTree = "<group>"; };
		6E9AA3FA1E540F2E00BA8283 /* Firebase.h */ = {isa = PBXFileReference; fileEncoding = 4; lastKnownFileType = sourcecode.c.h; path = Firebase.h; sourceTree = "<group>"; };
		6E9AA3FB1E540F2E00BA8283 /* module.modulemap */ = {isa = PBXFileReference; fileEncoding = 4; lastKnownFileType = "sourcecode.module-map"; path = module.modulemap; sourceTree = "<group>"; };
		6E9AA3FC1E54105900BA8283 /* GoogleService-Info.plist */ = {isa = PBXFileReference; fileEncoding = 4; lastKnownFileType = text.plist.xml; path = "GoogleService-Info.plist"; sourceTree = "<group>"; };
		6EA7B4201E06A3940043BAA1 /* State.swift */ = {isa = PBXFileReference; fileEncoding = 4; lastKnownFileType = sourcecode.swift; lineEnding = 0; path = State.swift; sourceTree = "<group>"; xcLanguageSpecificationIdentifier = xcode.lang.swift; };
		6EA9C62F1E2A9EFF0016C1C4 /* Theme.swift */ = {isa = PBXFileReference; fileEncoding = 4; lastKnownFileType = sourcecode.swift; path = Theme.swift; sourceTree = "<group>"; };
		6EA9C6311E2AA9B80016C1C4 /* RxGesture.framework */ = {isa = PBXFileReference; lastKnownFileType = wrapper.framework; name = RxGesture.framework; path = Carthage/Build/iOS/RxGesture.framework; sourceTree = "<group>"; };
		6EB36A791E1ED9CA006B5239 /* TaskCell.swift */ = {isa = PBXFileReference; fileEncoding = 4; lastKnownFileType = sourcecode.swift; path = TaskCell.swift; sourceTree = "<group>"; };
		6EBBD8B11E07153400C283D5 /* AppReducer.swift */ = {isa = PBXFileReference; fileEncoding = 4; lastKnownFileType = sourcecode.swift; path = AppReducer.swift; sourceTree = "<group>"; };
		6EE247D71DF21291001A6F39 /* Material.framework */ = {isa = PBXFileReference; lastKnownFileType = wrapper.framework; name = Material.framework; path = Carthage/Build/iOS/Material.framework; sourceTree = "<group>"; };
		6EE247D81DF21291001A6F39 /* OHHTTPStubs.framework */ = {isa = PBXFileReference; lastKnownFileType = wrapper.framework; name = OHHTTPStubs.framework; path = Carthage/Build/iOS/OHHTTPStubs.framework; sourceTree = "<group>"; };
		6EE247D91DF21291001A6F39 /* RxBlocking.framework */ = {isa = PBXFileReference; lastKnownFileType = wrapper.framework; name = RxBlocking.framework; path = Carthage/Build/iOS/RxBlocking.framework; sourceTree = "<group>"; };
		6EE247DA1DF21291001A6F39 /* RxCocoa.framework */ = {isa = PBXFileReference; lastKnownFileType = wrapper.framework; name = RxCocoa.framework; path = Carthage/Build/iOS/RxCocoa.framework; sourceTree = "<group>"; };
		6EE247DB1DF21291001A6F39 /* RxHttpClient.framework */ = {isa = PBXFileReference; lastKnownFileType = wrapper.framework; name = RxHttpClient.framework; path = Carthage/Build/iOS/RxHttpClient.framework; sourceTree = "<group>"; };
		6EE247DC1DF21291001A6F39 /* RxState.framework */ = {isa = PBXFileReference; lastKnownFileType = wrapper.framework; name = RxState.framework; path = Carthage/Build/iOS/RxState.framework; sourceTree = "<group>"; };
		6EE247DD1DF21291001A6F39 /* RxSwift.framework */ = {isa = PBXFileReference; lastKnownFileType = wrapper.framework; name = RxSwift.framework; path = Carthage/Build/iOS/RxSwift.framework; sourceTree = "<group>"; };
		6EE247DE1DF21291001A6F39 /* RxTest.framework */ = {isa = PBXFileReference; lastKnownFileType = wrapper.framework; name = RxTest.framework; path = Carthage/Build/iOS/RxTest.framework; sourceTree = "<group>"; };
		6EE91CAB1E1959430025A4BD /* Wrap.framework */ = {isa = PBXFileReference; lastKnownFileType = wrapper.framework; name = Wrap.framework; path = Carthage/Build/iOS/Wrap.framework; sourceTree = "<group>"; };
/* End PBXFileReference section */

/* Begin PBXFrameworksBuildPhase section */
		6E15D0151DF0A45900B4CCA7 /* Frameworks */ = {
			isa = PBXFrameworksBuildPhase;
			buildActionMask = 2147483647;
			files = (
				6E5872181E5BF4B80003D9D2 /* GoogleToolboxForMac.framework in Frameworks */,
				6E5872171E5BF4140003D9D2 /* GTMSessionFetcher.framework in Frameworks */,
				6E5872141E5BEDF40003D9D2 /* libz.tbd in Frameworks */,
				6E5872121E5BEDE70003D9D2 /* AddressBook.framework in Frameworks */,
				6E9026EE1E5AA66F00851B4D /* FirebaseAuth.framework in Frameworks */,
				6E9026E51E5AA56400851B4D /* SystemConfiguration.framework in Frameworks */,
				6E9026E31E5AA55700851B4D /* SafariServices.framework in Frameworks */,
				6E9AA3ED1E540D9100BA8283 /* FirebaseAnalytics.framework in Frameworks */,
				6E9AA3EE1E540D9100BA8283 /* FirebaseCore.framework in Frameworks */,
				6E9AA3EF1E540D9100BA8283 /* FirebaseInstanceID.framework in Frameworks */,
				6E2E11DB1E2EA8BA00DF4A26 /* AMScrollingNavbar.framework in Frameworks */,
				6EA9C6321E2AA9B80016C1C4 /* RxGesture.framework in Frameworks */,
				6EE91CAC1E1959430025A4BD /* Wrap.framework in Frameworks */,
				6E57521A1E05AFC4002AA9B4 /* RxDataSources.framework in Frameworks */,
				6E57521B1E05AFC4002AA9B4 /* Unbox.framework in Frameworks */,
				6EE247DF1DF21291001A6F39 /* Material.framework in Frameworks */,
				6EE247E21DF21291001A6F39 /* RxCocoa.framework in Frameworks */,
				6EE247E31DF21291001A6F39 /* RxHttpClient.framework in Frameworks */,
				6EE247E41DF21291001A6F39 /* RxState.framework in Frameworks */,
				6EE247E51DF21291001A6F39 /* RxSwift.framework in Frameworks */,
				6E15D0651DF0B62D00B4CCA7 /* SnapKit.framework in Frameworks */,
			);
			runOnlyForDeploymentPostprocessing = 0;
		};
		6E15D0291DF0A45A00B4CCA7 /* Frameworks */ = {
			isa = PBXFrameworksBuildPhase;
			buildActionMask = 2147483647;
			files = (
			);
			runOnlyForDeploymentPostprocessing = 0;
		};
		6E15D0341DF0A45A00B4CCA7 /* Frameworks */ = {
			isa = PBXFrameworksBuildPhase;
			buildActionMask = 2147483647;
			files = (
			);
			runOnlyForDeploymentPostprocessing = 0;
		};
/* End PBXFrameworksBuildPhase section */

/* Begin PBXGroup section */
		6E15D00F1DF0A45900B4CCA7 = {
			isa = PBXGroup;
			children = (
				6E15D01A1DF0A45A00B4CCA7 /* SimpleToDo */,
				6E15D02F1DF0A45A00B4CCA7 /* SimpleToDoTests */,
				6E15D03A1DF0A45A00B4CCA7 /* SimpleToDoUITests */,
				6E15D0191DF0A45A00B4CCA7 /* Products */,
				6E15D0631DF0B62D00B4CCA7 /* Frameworks */,
			);
			sourceTree = "<group>";
		};
		6E15D0191DF0A45A00B4CCA7 /* Products */ = {
			isa = PBXGroup;
			children = (
				6E15D0181DF0A45A00B4CCA7 /* SimpleToDo.app */,
				6E15D02C1DF0A45A00B4CCA7 /* SimpleToDoTests.xctest */,
				6E15D0371DF0A45A00B4CCA7 /* SimpleToDoUITests.xctest */,
			);
			name = Products;
			sourceTree = "<group>";
		};
		6E15D01A1DF0A45A00B4CCA7 /* SimpleToDo */ = {
			isa = PBXGroup;
			children = (
				6E9AA3F91E540F1400BA8283 /* Firebase */,
				6E5FD9B41E59F9D2002C71F2 /* ViewModels */,
				6EA7B41F1E06A36D0043BAA1 /* State */,
				6E5752171E05ADBD002AA9B4 /* Controls */,
				6E5752141E05ACD9002AA9B4 /* Common */,
				6EE247D31DF211CF001A6F39 /* Controllers */,
				6E15D01B1DF0A45A00B4CCA7 /* AppDelegate.swift */,
				6E15D0221DF0A45A00B4CCA7 /* Assets.xcassets */,
				6E15D0241DF0A45A00B4CCA7 /* LaunchScreen.storyboard */,
				6E15D0271DF0A45A00B4CCA7 /* Info.plist */,
				6E9AA3FC1E54105900BA8283 /* GoogleService-Info.plist */,
				6E9AA3F61E540EB500BA8283 /* SimpleToDo-Bridging-Header.h */,
			);
			path = SimpleToDo;
			sourceTree = "<group>";
		};
		6E15D02F1DF0A45A00B4CCA7 /* SimpleToDoTests */ = {
			isa = PBXGroup;
			children = (
				6E15D0301DF0A45A00B4CCA7 /* SimpleToDoTests.swift */,
				6E15D0321DF0A45A00B4CCA7 /* Info.plist */,
			);
			path = SimpleToDoTests;
			sourceTree = "<group>";
		};
		6E15D03A1DF0A45A00B4CCA7 /* SimpleToDoUITests */ = {
			isa = PBXGroup;
			children = (
				6E15D03B1DF0A45A00B4CCA7 /* SimpleToDoUITests.swift */,
				6E15D03D1DF0A45A00B4CCA7 /* Info.plist */,
			);
			path = SimpleToDoUITests;
			sourceTree = "<group>";
		};
		6E15D0631DF0B62D00B4CCA7 /* Frameworks */ = {
			isa = PBXGroup;
			children = (
				6E5872281E5BF6B20003D9D2 /* GoogleSignIn.bundle */,
				6E5872291E5BF6B20003D9D2 /* GINInviteResources.bundle */,
				6E58722A1E5BF6B20003D9D2 /* GPPACLPickerResources.bundle */,
				6E5872261E5BF6920003D9D2 /* GINInviteResources */,
				6E58721E1E5BF5B60003D9D2 /* Protobuf.framework */,
				6E58721F1E5BF5B60003D9D2 /* FirebaseDynamicLinks.framework */,
				6E5872201E5BF5B60003D9D2 /* FirebaseInvites.framework */,
				6E5872211E5BF5B60003D9D2 /* GoogleAPIClientForREST.framework */,
				6E58721C1E5BF5990003D9D2 /* GoogleSignIn.framework */,
				6E58721A1E5BF53C0003D9D2 /* GTMOAuth2.framework */,
				6E5872131E5BEDF40003D9D2 /* libz.tbd */,
				6E5872111E5BEDE70003D9D2 /* AddressBook.framework */,
				6E9026E61E5AA57E00851B4D /* GoogleSignInDependencies.framework */,
				6E9026E71E5AA57E00851B4D /* GoogleAppUtilities.framework */,
				6E9026E81E5AA57E00851B4D /* GoogleSymbolUtilities.framework */,
				6E9026E41E5AA56400851B4D /* SystemConfiguration.framework */,
				6E9026E21E5AA55700851B4D /* SafariServices.framework */,
				6E9026E01E5AA47F00851B4D /* GoogleSignIn.framework */,
				6E9AA3F11E540DA100BA8283 /* FirebaseAuth.framework */,
				6E9AA3F21E540DA100BA8283 /* GTMSessionFetcher.framework */,
				6E9AA3E91E540D9100BA8283 /* FirebaseAnalytics.framework */,
				6E9AA3EA1E540D9100BA8283 /* FirebaseCore.framework */,
				6E9AA3EB1E540D9100BA8283 /* FirebaseInstanceID.framework */,
				6E9AA3EC1E540D9100BA8283 /* GoogleToolboxForMac.framework */,
				6E2E11DA1E2EA8BA00DF4A26 /* AMScrollingNavbar.framework */,
				6EA9C6311E2AA9B80016C1C4 /* RxGesture.framework */,
				6EE91CAB1E1959430025A4BD /* Wrap.framework */,
				6E5752181E05AFC4002AA9B4 /* RxDataSources.framework */,
				6E5752191E05AFC4002AA9B4 /* Unbox.framework */,
				6EE247D71DF21291001A6F39 /* Material.framework */,
				6EE247D81DF21291001A6F39 /* OHHTTPStubs.framework */,
				6EE247D91DF21291001A6F39 /* RxBlocking.framework */,
				6EE247DA1DF21291001A6F39 /* RxCocoa.framework */,
				6EE247DB1DF21291001A6F39 /* RxHttpClient.framework */,
				6EE247DC1DF21291001A6F39 /* RxState.framework */,
				6EE247DD1DF21291001A6F39 /* RxSwift.framework */,
				6EE247DE1DF21291001A6F39 /* RxTest.framework */,
				6E15D0641DF0B62D00B4CCA7 /* SnapKit.framework */,
			);
			name = Frameworks;
			sourceTree = "<group>";
		};
		6E5752141E05ACD9002AA9B4 /* Common */ = {
			isa = PBXGroup;
			children = (
				6E5752151E05AD06002AA9B4 /* Entities.swift */,
				6E57521C1E05B24A002AA9B4 /* Extensions.swift */,
				6E6422D91E180E1B00FAFFFB /* TableSections.swift */,
				6EA9C62F1E2A9EFF0016C1C4 /* Theme.swift */,
			);
			path = Common;
			sourceTree = "<group>";
		};
		6E5752171E05ADBD002AA9B4 /* Controls */ = {
			isa = PBXGroup;
			children = (
				6EB36A791E1ED9CA006B5239 /* TaskCell.swift */,
				6E8845CB1E24056000EA3C2A /* TaskActionView.swift */,
			);
			path = Controls;
			sourceTree = "<group>";
		};
		6E5FD9B41E59F9D2002C71F2 /* ViewModels */ = {
			isa = PBXGroup;
			children = (
				6E5FD9B51E59FA0C002C71F2 /* TasksViewModel.swift */,
			);
			path = ViewModels;
			sourceTree = "<group>";
		};
		6E9AA3F91E540F1400BA8283 /* Firebase */ = {
			isa = PBXGroup;
			children = (
				6E9AA3FA1E540F2E00BA8283 /* Firebase.h */,
				6E9AA3FB1E540F2E00BA8283 /* module.modulemap */,
			);
			path = Firebase;
			sourceTree = "<group>";
		};
		6EA7B41F1E06A36D0043BAA1 /* State */ = {
			isa = PBXGroup;
			children = (
				6EA7B4201E06A3940043BAA1 /* State.swift */,
				6EBBD8B11E07153400C283D5 /* AppReducer.swift */,
				6E4714D31E1ABD4300A1688C /* LogicActions.swift */,
				6E4714D51E1ABDFC00A1688C /* UIActions.swift */,
			);
			path = State;
			sourceTree = "<group>";
		};
		6EE247D31DF211CF001A6F39 /* Controllers */ = {
			isa = PBXGroup;
			children = (
				6E651B921E562A0600A37DB2 /* EditTaskController.swift */,
				6E651B931E562A0600A37DB2 /* TasksController.swift */,
				6E651B941E562A0600A37DB2 /* MainController.swift */,
				6E9026F01E5AA7FF00851B4D /* SignInController.swift */,
			);
			path = Controllers;
			sourceTree = "<group>";
		};
/* End PBXGroup section */

/* Begin PBXNativeTarget section */
		6E15D0171DF0A45900B4CCA7 /* SimpleToDo */ = {
			isa = PBXNativeTarget;
			buildConfigurationList = 6E15D0401DF0A45A00B4CCA7 /* Build configuration list for PBXNativeTarget "SimpleToDo" */;
			buildPhases = (
				6E15D0141DF0A45900B4CCA7 /* Sources */,
				6E15D0151DF0A45900B4CCA7 /* Frameworks */,
				6E15D0161DF0A45900B4CCA7 /* Resources */,
				6EE247D61DF21216001A6F39 /* Copy carthage frameworks */,
			);
			buildRules = (
			);
			dependencies = (
			);
			name = SimpleToDo;
			productName = SimpleToDo;
			productReference = 6E15D0181DF0A45A00B4CCA7 /* SimpleToDo.app */;
			productType = "com.apple.product-type.application";
		};
		6E15D02B1DF0A45A00B4CCA7 /* SimpleToDoTests */ = {
			isa = PBXNativeTarget;
			buildConfigurationList = 6E15D0431DF0A45A00B4CCA7 /* Build configuration list for PBXNativeTarget "SimpleToDoTests" */;
			buildPhases = (
				6E15D0281DF0A45A00B4CCA7 /* Sources */,
				6E15D0291DF0A45A00B4CCA7 /* Frameworks */,
				6E15D02A1DF0A45A00B4CCA7 /* Resources */,
			);
			buildRules = (
			);
			dependencies = (
				6E15D02E1DF0A45A00B4CCA7 /* PBXTargetDependency */,
			);
			name = SimpleToDoTests;
			productName = SimpleToDoTests;
			productReference = 6E15D02C1DF0A45A00B4CCA7 /* SimpleToDoTests.xctest */;
			productType = "com.apple.product-type.bundle.unit-test";
		};
		6E15D0361DF0A45A00B4CCA7 /* SimpleToDoUITests */ = {
			isa = PBXNativeTarget;
			buildConfigurationList = 6E15D0461DF0A45A00B4CCA7 /* Build configuration list for PBXNativeTarget "SimpleToDoUITests" */;
			buildPhases = (
				6E15D0331DF0A45A00B4CCA7 /* Sources */,
				6E15D0341DF0A45A00B4CCA7 /* Frameworks */,
				6E15D0351DF0A45A00B4CCA7 /* Resources */,
			);
			buildRules = (
			);
			dependencies = (
				6E15D0391DF0A45A00B4CCA7 /* PBXTargetDependency */,
			);
			name = SimpleToDoUITests;
			productName = SimpleToDoUITests;
			productReference = 6E15D0371DF0A45A00B4CCA7 /* SimpleToDoUITests.xctest */;
			productType = "com.apple.product-type.bundle.ui-testing";
		};
/* End PBXNativeTarget section */

/* Begin PBXProject section */
		6E15D0101DF0A45900B4CCA7 /* Project object */ = {
			isa = PBXProject;
			attributes = {
				LastSwiftUpdateCheck = 0810;
				LastUpgradeCheck = 0820;
				ORGANIZATIONNAME = "Anton Efimenko";
				TargetAttributes = {
					6E15D0171DF0A45900B4CCA7 = {
						CreatedOnToolsVersion = 8.1;
						DevelopmentTeam = SJMSRXG797;
						LastSwiftMigration = 0820;
						ProvisioningStyle = Automatic;
					};
					6E15D02B1DF0A45A00B4CCA7 = {
						CreatedOnToolsVersion = 8.1;
						DevelopmentTeam = SJMSRXG797;
						ProvisioningStyle = Automatic;
						TestTargetID = 6E15D0171DF0A45900B4CCA7;
					};
					6E15D0361DF0A45A00B4CCA7 = {
						CreatedOnToolsVersion = 8.1;
						DevelopmentTeam = SJMSRXG797;
						ProvisioningStyle = Automatic;
						TestTargetID = 6E15D0171DF0A45900B4CCA7;
					};
				};
			};
			buildConfigurationList = 6E15D0131DF0A45900B4CCA7 /* Build configuration list for PBXProject "SimpleToDo" */;
			compatibilityVersion = "Xcode 3.2";
			developmentRegion = English;
			hasScannedForEncodings = 0;
			knownRegions = (
				en,
				Base,
			);
			mainGroup = 6E15D00F1DF0A45900B4CCA7;
			productRefGroup = 6E15D0191DF0A45A00B4CCA7 /* Products */;
			projectDirPath = "";
			projectRoot = "";
			targets = (
				6E15D0171DF0A45900B4CCA7 /* SimpleToDo */,
				6E15D02B1DF0A45A00B4CCA7 /* SimpleToDoTests */,
				6E15D0361DF0A45A00B4CCA7 /* SimpleToDoUITests */,
			);
		};
/* End PBXProject section */

/* Begin PBXResourcesBuildPhase section */
		6E15D0161DF0A45900B4CCA7 /* Resources */ = {
			isa = PBXResourcesBuildPhase;
			buildActionMask = 2147483647;
			files = (
				6E15D0261DF0A45A00B4CCA7 /* LaunchScreen.storyboard in Resources */,
				6E15D0231DF0A45A00B4CCA7 /* Assets.xcassets in Resources */,
				6E9AA3FD1E54105900BA8283 /* GoogleService-Info.plist in Resources */,
			);
			runOnlyForDeploymentPostprocessing = 0;
		};
		6E15D02A1DF0A45A00B4CCA7 /* Resources */ = {
			isa = PBXResourcesBuildPhase;
			buildActionMask = 2147483647;
			files = (
			);
			runOnlyForDeploymentPostprocessing = 0;
		};
		6E15D0351DF0A45A00B4CCA7 /* Resources */ = {
			isa = PBXResourcesBuildPhase;
			buildActionMask = 2147483647;
			files = (
			);
			runOnlyForDeploymentPostprocessing = 0;
		};
/* End PBXResourcesBuildPhase section */

/* Begin PBXShellScriptBuildPhase section */
		6EE247D61DF21216001A6F39 /* Copy carthage frameworks */ = {
			isa = PBXShellScriptBuildPhase;
			buildActionMask = 2147483647;
			files = (
			);
			inputPaths = (
				"$(SRCROOT)/Carthage/Build/iOS/RxSwift.framework",
				"$(SRCROOT)/Carthage/Build/iOS/RxCocoa.framework",
				"$(SRCROOT)/Carthage/Build/iOS/RxState.framework",
				"$(SRCROOT)/Carthage/Build/iOS/RxHttpClient.framework",
				"$(SRCROOT)/Carthage/Build/iOS/SnapKit.framework",
				"$(SRCROOT)/Carthage/Build/iOS/Material.framework",
				"$(SRCROOT)/Carthage/Build/iOS/Unbox.framework",
				"$(SRCROOT)/Carthage/Build/iOS/RxDataSources.framework",
				"$(SRCROOT)/Carthage/Build/iOS/Wrap.framework",
				"$(SRCROOT)/Carthage/Build/iOS/RxGesture.framework",
				"$(SRCROOT)/Carthage/Build/iOS/AMScrollingNavbar.framework",
			);
			name = "Copy carthage frameworks";
			outputPaths = (
			);
			runOnlyForDeploymentPostprocessing = 0;
			shellPath = /bin/sh;
			shellScript = "/usr/local/bin/carthage copy-frameworks";
		};
/* End PBXShellScriptBuildPhase section */

/* Begin PBXSourcesBuildPhase section */
		6E15D0141DF0A45900B4CCA7 /* Sources */ = {
			isa = PBXSourcesBuildPhase;
			buildActionMask = 2147483647;
			files = (
				6E8845CC1E24056000EA3C2A /* TaskActionView.swift in Sources */,
				6E57521D1E05B24A002AA9B4 /* Extensions.swift in Sources */,
				6E5752161E05AD06002AA9B4 /* Entities.swift in Sources */,
				6E651B971E562A0600A37DB2 /* MainController.swift in Sources */,
				6E5FD9B61E59FA0C002C71F2 /* TasksViewModel.swift in Sources */,
				6E651B951E562A0600A37DB2 /* EditTaskController.swift in Sources */,
				6EB36A7A1E1ED9CA006B5239 /* TaskCell.swift in Sources */,
				6E15D01C1DF0A45A00B4CCA7 /* AppDelegate.swift in Sources */,
				6EBBD8B21E07153400C283D5 /* AppReducer.swift in Sources */,
				6E4714D41E1ABD4300A1688C /* LogicActions.swift in Sources */,
				6E6422DA1E180E1B00FAFFFB /* TableSections.swift in Sources */,
				6EA7B4211E06A3940043BAA1 /* State.swift in Sources */,
				6E4714D61E1ABDFC00A1688C /* UIActions.swift in Sources */,
				6E9026F11E5AA7FF00851B4D /* SignInController.swift in Sources */,
				6E651B961E562A0600A37DB2 /* TasksController.swift in Sources */,
				6EA9C6301E2A9EFF0016C1C4 /* Theme.swift in Sources */,
			);
			runOnlyForDeploymentPostprocessing = 0;
		};
		6E15D0281DF0A45A00B4CCA7 /* Sources */ = {
			isa = PBXSourcesBuildPhase;
			buildActionMask = 2147483647;
			files = (
				6E15D0311DF0A45A00B4CCA7 /* SimpleToDoTests.swift in Sources */,
			);
			runOnlyForDeploymentPostprocessing = 0;
		};
		6E15D0331DF0A45A00B4CCA7 /* Sources */ = {
			isa = PBXSourcesBuildPhase;
			buildActionMask = 2147483647;
			files = (
				6E15D03C1DF0A45A00B4CCA7 /* SimpleToDoUITests.swift in Sources */,
			);
			runOnlyForDeploymentPostprocessing = 0;
		};
/* End PBXSourcesBuildPhase section */

/* Begin PBXTargetDependency section */
		6E15D02E1DF0A45A00B4CCA7 /* PBXTargetDependency */ = {
			isa = PBXTargetDependency;
			target = 6E15D0171DF0A45900B4CCA7 /* SimpleToDo */;
			targetProxy = 6E15D02D1DF0A45A00B4CCA7 /* PBXContainerItemProxy */;
		};
		6E15D0391DF0A45A00B4CCA7 /* PBXTargetDependency */ = {
			isa = PBXTargetDependency;
			target = 6E15D0171DF0A45900B4CCA7 /* SimpleToDo */;
			targetProxy = 6E15D0381DF0A45A00B4CCA7 /* PBXContainerItemProxy */;
		};
/* End PBXTargetDependency section */

/* Begin PBXVariantGroup section */
		6E15D0241DF0A45A00B4CCA7 /* LaunchScreen.storyboard */ = {
			isa = PBXVariantGroup;
			children = (
				6E15D0251DF0A45A00B4CCA7 /* Base */,
			);
			name = LaunchScreen.storyboard;
			sourceTree = "<group>";
		};
/* End PBXVariantGroup section */

/* Begin XCBuildConfiguration section */
		6E15D03E1DF0A45A00B4CCA7 /* Debug */ = {
			isa = XCBuildConfiguration;
			buildSettings = {
				ALWAYS_SEARCH_USER_PATHS = NO;
				CLANG_ANALYZER_NONNULL = YES;
				CLANG_CXX_LANGUAGE_STANDARD = "gnu++0x";
				CLANG_CXX_LIBRARY = "libc++";
				CLANG_ENABLE_MODULES = YES;
				CLANG_ENABLE_OBJC_ARC = YES;
				CLANG_WARN_BOOL_CONVERSION = YES;
				CLANG_WARN_CONSTANT_CONVERSION = YES;
				CLANG_WARN_DIRECT_OBJC_ISA_USAGE = YES_ERROR;
				CLANG_WARN_DOCUMENTATION_COMMENTS = YES;
				CLANG_WARN_EMPTY_BODY = YES;
				CLANG_WARN_ENUM_CONVERSION = YES;
				CLANG_WARN_INFINITE_RECURSION = YES;
				CLANG_WARN_INT_CONVERSION = YES;
				CLANG_WARN_OBJC_ROOT_CLASS = YES_ERROR;
				CLANG_WARN_SUSPICIOUS_MOVE = YES;
				CLANG_WARN_SUSPICIOUS_MOVES = YES;
				CLANG_WARN_UNREACHABLE_CODE = YES;
				CLANG_WARN__DUPLICATE_METHOD_MATCH = YES;
				"CODE_SIGN_IDENTITY[sdk=iphoneos*]" = "iPhone Developer";
				COPY_PHASE_STRIP = NO;
				CURRENT_PROJECT_VERSION = 7;
				DEBUG_INFORMATION_FORMAT = dwarf;
				ENABLE_STRICT_OBJC_MSGSEND = YES;
				ENABLE_TESTABILITY = YES;
				GCC_C_LANGUAGE_STANDARD = gnu99;
				GCC_DYNAMIC_NO_PIC = NO;
				GCC_NO_COMMON_BLOCKS = YES;
				GCC_OPTIMIZATION_LEVEL = 0;
				GCC_PREPROCESSOR_DEFINITIONS = (
					"DEBUG=1",
					"$(inherited)",
				);
				GCC_WARN_64_TO_32_BIT_CONVERSION = YES;
				GCC_WARN_ABOUT_RETURN_TYPE = YES_ERROR;
				GCC_WARN_UNDECLARED_SELECTOR = YES;
				GCC_WARN_UNINITIALIZED_AUTOS = YES_AGGRESSIVE;
				GCC_WARN_UNUSED_FUNCTION = YES;
				GCC_WARN_UNUSED_VARIABLE = YES;
				IPHONEOS_DEPLOYMENT_TARGET = 10.1;
				MTL_ENABLE_DEBUG_INFO = YES;
				ONLY_ACTIVE_ARCH = YES;
				SDKROOT = iphoneos;
				SWIFT_ACTIVE_COMPILATION_CONDITIONS = DEBUG;
				SWIFT_OPTIMIZATION_LEVEL = "-Onone";
				VERSIONING_SYSTEM = "apple-generic";
			};
			name = Debug;
		};
		6E15D03F1DF0A45A00B4CCA7 /* Release */ = {
			isa = XCBuildConfiguration;
			buildSettings = {
				ALWAYS_SEARCH_USER_PATHS = NO;
				CLANG_ANALYZER_NONNULL = YES;
				CLANG_CXX_LANGUAGE_STANDARD = "gnu++0x";
				CLANG_CXX_LIBRARY = "libc++";
				CLANG_ENABLE_MODULES = YES;
				CLANG_ENABLE_OBJC_ARC = YES;
				CLANG_WARN_BOOL_CONVERSION = YES;
				CLANG_WARN_CONSTANT_CONVERSION = YES;
				CLANG_WARN_DIRECT_OBJC_ISA_USAGE = YES_ERROR;
				CLANG_WARN_DOCUMENTATION_COMMENTS = YES;
				CLANG_WARN_EMPTY_BODY = YES;
				CLANG_WARN_ENUM_CONVERSION = YES;
				CLANG_WARN_INFINITE_RECURSION = YES;
				CLANG_WARN_INT_CONVERSION = YES;
				CLANG_WARN_OBJC_ROOT_CLASS = YES_ERROR;
				CLANG_WARN_SUSPICIOUS_MOVE = YES;
				CLANG_WARN_SUSPICIOUS_MOVES = YES;
				CLANG_WARN_UNREACHABLE_CODE = YES;
				CLANG_WARN__DUPLICATE_METHOD_MATCH = YES;
				"CODE_SIGN_IDENTITY[sdk=iphoneos*]" = "iPhone Developer";
				COPY_PHASE_STRIP = NO;
				CURRENT_PROJECT_VERSION = 7;
				DEBUG_INFORMATION_FORMAT = "dwarf-with-dsym";
				ENABLE_NS_ASSERTIONS = NO;
				ENABLE_STRICT_OBJC_MSGSEND = YES;
				GCC_C_LANGUAGE_STANDARD = gnu99;
				GCC_NO_COMMON_BLOCKS = YES;
				GCC_WARN_64_TO_32_BIT_CONVERSION = YES;
				GCC_WARN_ABOUT_RETURN_TYPE = YES_ERROR;
				GCC_WARN_UNDECLARED_SELECTOR = YES;
				GCC_WARN_UNINITIALIZED_AUTOS = YES_AGGRESSIVE;
				GCC_WARN_UNUSED_FUNCTION = YES;
				GCC_WARN_UNUSED_VARIABLE = YES;
				IPHONEOS_DEPLOYMENT_TARGET = 10.1;
				MTL_ENABLE_DEBUG_INFO = NO;
				SDKROOT = iphoneos;
				SWIFT_OPTIMIZATION_LEVEL = "-Owholemodule";
				VALIDATE_PRODUCT = YES;
				VERSIONING_SYSTEM = "apple-generic";
			};
			name = Release;
		};
		6E15D0411DF0A45A00B4CCA7 /* Debug */ = {
			isa = XCBuildConfiguration;
			buildSettings = {
				ASSETCATALOG_COMPILER_APPICON_NAME = AppIcon;
				CLANG_ENABLE_MODULES = YES;
				DEVELOPMENT_TEAM = SJMSRXG797;
				FRAMEWORK_SEARCH_PATHS = (
					"$(inherited)",
					"$(PROJECT_DIR)/Carthage/Build/iOS",
					"$(PROJECT_DIR)/Carthage/Firebase/Analytics",
					"$(PROJECT_DIR)/Carthage/Firebase/Auth",
					"$(PROJECT_DIR)/Carthage/googlesignin",
					"$(PROJECT_DIR)/Carthage/Firebase/Invites",
				);
				INFOPLIST_FILE = SimpleToDo/Info.plist;
				LD_RUNPATH_SEARCH_PATHS = "$(inherited) @executable_path/Frameworks";
				OTHER_LDFLAGS = (
					"$(OTHER_LDFLAGS)",
					"-ObjC",
				);
				PRODUCT_BUNDLE_IDENTIFIER = com.AntonEfimenko.SimpleToDo;
				PRODUCT_NAME = "$(TARGET_NAME)";
				SWIFT_OBJC_BRIDGING_HEADER = "SimpleToDo/SimpleToDo-Bridging-Header.h";
				SWIFT_OPTIMIZATION_LEVEL = "-Onone";
				SWIFT_VERSION = 3.0;
			};
			name = Debug;
		};
		6E15D0421DF0A45A00B4CCA7 /* Release */ = {
			isa = XCBuildConfiguration;
			buildSettings = {
				ASSETCATALOG_COMPILER_APPICON_NAME = AppIcon;
				CLANG_ENABLE_MODULES = YES;
				DEVELOPMENT_TEAM = SJMSRXG797;
				FRAMEWORK_SEARCH_PATHS = (
					"$(inherited)",
					"$(PROJECT_DIR)/Carthage/Build/iOS",
					"$(PROJECT_DIR)/Carthage/Firebase/Analytics",
					"$(PROJECT_DIR)/Carthage/Firebase/Auth",
					"$(PROJECT_DIR)/Carthage/googlesignin",
					"$(PROJECT_DIR)/Carthage/Firebase/Invites",
				);
				INFOPLIST_FILE = SimpleToDo/Info.plist;
				LD_RUNPATH_SEARCH_PATHS = "$(inherited) @executable_path/Frameworks";
				OTHER_LDFLAGS = (
					"$(OTHER_LDFLAGS)",
					"-ObjC",
				);
				PRODUCT_BUNDLE_IDENTIFIER = com.AntonEfimenko.SimpleToDo;
				PRODUCT_NAME = "$(TARGET_NAME)";
				SWIFT_OBJC_BRIDGING_HEADER = "SimpleToDo/SimpleToDo-Bridging-Header.h";
				SWIFT_VERSION = 3.0;
			};
			name = Release;
		};
		6E15D0441DF0A45A00B4CCA7 /* Debug */ = {
			isa = XCBuildConfiguration;
			buildSettings = {
				ALWAYS_EMBED_SWIFT_STANDARD_LIBRARIES = YES;
				BUNDLE_LOADER = "$(TEST_HOST)";
				DEVELOPMENT_TEAM = SJMSRXG797;
				INFOPLIST_FILE = SimpleToDoTests/Info.plist;
				LD_RUNPATH_SEARCH_PATHS = "$(inherited) @executable_path/Frameworks @loader_path/Frameworks";
				PRODUCT_BUNDLE_IDENTIFIER = com.AntonEfimenko.SimpleToDoTests;
				PRODUCT_NAME = "$(TARGET_NAME)";
				SWIFT_VERSION = 3.0;
				TEST_HOST = "$(BUILT_PRODUCTS_DIR)/SimpleToDo.app/SimpleToDo";
			};
			name = Debug;
		};
		6E15D0451DF0A45A00B4CCA7 /* Release */ = {
			isa = XCBuildConfiguration;
			buildSettings = {
				ALWAYS_EMBED_SWIFT_STANDARD_LIBRARIES = YES;
				BUNDLE_LOADER = "$(TEST_HOST)";
				DEVELOPMENT_TEAM = SJMSRXG797;
				INFOPLIST_FILE = SimpleToDoTests/Info.plist;
				LD_RUNPATH_SEARCH_PATHS = "$(inherited) @executable_path/Frameworks @loader_path/Frameworks";
				PRODUCT_BUNDLE_IDENTIFIER = com.AntonEfimenko.SimpleToDoTests;
				PRODUCT_NAME = "$(TARGET_NAME)";
				SWIFT_VERSION = 3.0;
				TEST_HOST = "$(BUILT_PRODUCTS_DIR)/SimpleToDo.app/SimpleToDo";
			};
			name = Release;
		};
		6E15D0471DF0A45A00B4CCA7 /* Debug */ = {
			isa = XCBuildConfiguration;
			buildSettings = {
				ALWAYS_EMBED_SWIFT_STANDARD_LIBRARIES = YES;
				DEVELOPMENT_TEAM = SJMSRXG797;
				INFOPLIST_FILE = SimpleToDoUITests/Info.plist;
				LD_RUNPATH_SEARCH_PATHS = "$(inherited) @executable_path/Frameworks @loader_path/Frameworks";
				PRODUCT_BUNDLE_IDENTIFIER = com.AntonEfimenko.SimpleToDoUITests;
				PRODUCT_NAME = "$(TARGET_NAME)";
				SWIFT_VERSION = 3.0;
				TEST_TARGET_NAME = SimpleToDo;
			};
			name = Debug;
		};
		6E15D0481DF0A45A00B4CCA7 /* Release */ = {
			isa = XCBuildConfiguration;
			buildSettings = {
				ALWAYS_EMBED_SWIFT_STANDARD_LIBRARIES = YES;
				DEVELOPMENT_TEAM = SJMSRXG797;
				INFOPLIST_FILE = SimpleToDoUITests/Info.plist;
				LD_RUNPATH_SEARCH_PATHS = "$(inherited) @executable_path/Frameworks @loader_path/Frameworks";
				PRODUCT_BUNDLE_IDENTIFIER = com.AntonEfimenko.SimpleToDoUITests;
				PRODUCT_NAME = "$(TARGET_NAME)";
				SWIFT_VERSION = 3.0;
				TEST_TARGET_NAME = SimpleToDo;
			};
			name = Release;
		};
/* End XCBuildConfiguration section */

/* Begin XCConfigurationList section */
		6E15D0131DF0A45900B4CCA7 /* Build configuration list for PBXProject "SimpleToDo" */ = {
			isa = XCConfigurationList;
			buildConfigurations = (
				6E15D03E1DF0A45A00B4CCA7 /* Debug */,
				6E15D03F1DF0A45A00B4CCA7 /* Release */,
			);
			defaultConfigurationIsVisible = 0;
			defaultConfigurationName = Release;
		};
		6E15D0401DF0A45A00B4CCA7 /* Build configuration list for PBXNativeTarget "SimpleToDo" */ = {
			isa = XCConfigurationList;
			buildConfigurations = (
				6E15D0411DF0A45A00B4CCA7 /* Debug */,
				6E15D0421DF0A45A00B4CCA7 /* Release */,
			);
			defaultConfigurationIsVisible = 0;
			defaultConfigurationName = Release;
		};
		6E15D0431DF0A45A00B4CCA7 /* Build configuration list for PBXNativeTarget "SimpleToDoTests" */ = {
			isa = XCConfigurationList;
			buildConfigurations = (
				6E15D0441DF0A45A00B4CCA7 /* Debug */,
				6E15D0451DF0A45A00B4CCA7 /* Release */,
			);
			defaultConfigurationIsVisible = 0;
			defaultConfigurationName = Release;
		};
		6E15D0461DF0A45A00B4CCA7 /* Build configuration list for PBXNativeTarget "SimpleToDoUITests" */ = {
			isa = XCConfigurationList;
			buildConfigurations = (
				6E15D0471DF0A45A00B4CCA7 /* Debug */,
				6E15D0481DF0A45A00B4CCA7 /* Release */,
			);
			defaultConfigurationIsVisible = 0;
			defaultConfigurationName = Release;
		};
/* End XCConfigurationList section */
	};
	rootObject = 6E15D0101DF0A45900B4CCA7 /* Project object */;
}
